// !$*UTF8*$!
{
	archiveVersion = 1;
	classes = {
	};
	objectVersion = 55;
	objects = {

/* Begin PBXBuildFile section */
		1E8A7E9F23CF2CC99EC3397C /* Pods_Foneta.framework in Frameworks */ = {isa = PBXBuildFile; fileRef = 78DD2301FFE7ADCFF87D6775 /* Pods_Foneta.framework */; };
		4C6628AF285097B400084711 /* FonetaApp.swift in Sources */ = {isa = PBXBuildFile; fileRef = 4C6628AE285097B400084711 /* FonetaApp.swift */; };
		4C6628B1285097B400084711 /* ContentView.swift in Sources */ = {isa = PBXBuildFile; fileRef = 4C6628B0285097B400084711 /* ContentView.swift */; };
		4C6628B3285097B500084711 /* Assets.xcassets in Resources */ = {isa = PBXBuildFile; fileRef = 4C6628B2285097B500084711 /* Assets.xcassets */; };
		4C6628B6285097B500084711 /* Preview Assets.xcassets in Resources */ = {isa = PBXBuildFile; fileRef = 4C6628B5285097B500084711 /* Preview Assets.xcassets */; };
		4C6628C0285097B500084711 /* FonetaTests.swift in Sources */ = {isa = PBXBuildFile; fileRef = 4C6628BF285097B500084711 /* FonetaTests.swift */; };
		4C6628CA285097B500084711 /* FonetaUITests.swift in Sources */ = {isa = PBXBuildFile; fileRef = 4C6628C9285097B500084711 /* FonetaUITests.swift */; };
		4C6628CC285097B500084711 /* FonetaUITestsLaunchTests.swift in Sources */ = {isa = PBXBuildFile; fileRef = 4C6628CB285097B500084711 /* FonetaUITestsLaunchTests.swift */; };
		4C6628DE28509A2000084711 /* HomeView.swift in Sources */ = {isa = PBXBuildFile; fileRef = 4C6628DD28509A2000084711 /* HomeView.swift */; };
		4C6628E028509A2C00084711 /* HomeViewModel.swift in Sources */ = {isa = PBXBuildFile; fileRef = 4C6628DF28509A2C00084711 /* HomeViewModel.swift */; };
		4C6628E32850A4F600084711 /* README.md in Resources */ = {isa = PBXBuildFile; fileRef = 4C6628E22850A4F600084711 /* README.md */; };
		4C6628E82850A55100084711 /* AppColor.swift in Sources */ = {isa = PBXBuildFile; fileRef = 4C6628E72850A55100084711 /* AppColor.swift */; };
		4C6628FC2850A67A00084711 /* Inter-VariableFont_slnt,wght.ttf in Resources */ = {isa = PBXBuildFile; fileRef = 4C6628EF2850A67A00084711 /* Inter-VariableFont_slnt,wght.ttf */; };
		4C6628FD2850A67A00084711 /* Inter-Medium.ttf in Resources */ = {isa = PBXBuildFile; fileRef = 4C6628F12850A67A00084711 /* Inter-Medium.ttf */; };
		4C6628FE2850A67A00084711 /* Inter-Light.ttf in Resources */ = {isa = PBXBuildFile; fileRef = 4C6628F22850A67A00084711 /* Inter-Light.ttf */; };
		4C6628FF2850A67A00084711 /* Inter-Thin.ttf in Resources */ = {isa = PBXBuildFile; fileRef = 4C6628F32850A67A00084711 /* Inter-Thin.ttf */; };
		4C6629002850A67A00084711 /* Inter-Bold.ttf in Resources */ = {isa = PBXBuildFile; fileRef = 4C6628F42850A67A00084711 /* Inter-Bold.ttf */; };
		4C6629012850A67A00084711 /* Inter-Regular.ttf in Resources */ = {isa = PBXBuildFile; fileRef = 4C6628F52850A67A00084711 /* Inter-Regular.ttf */; };
		4C6629022850A67A00084711 /* Inter-ExtraBold.ttf in Resources */ = {isa = PBXBuildFile; fileRef = 4C6628F62850A67A00084711 /* Inter-ExtraBold.ttf */; };
		4C6629032850A67A00084711 /* Inter-ExtraLight.ttf in Resources */ = {isa = PBXBuildFile; fileRef = 4C6628F72850A67A00084711 /* Inter-ExtraLight.ttf */; };
		4C6629042850A67A00084711 /* Inter-Black.ttf in Resources */ = {isa = PBXBuildFile; fileRef = 4C6628F82850A67A00084711 /* Inter-Black.ttf */; };
		4C6629052850A67A00084711 /* Inter-SemiBold.ttf in Resources */ = {isa = PBXBuildFile; fileRef = 4C6628F92850A67A00084711 /* Inter-SemiBold.ttf */; };
		4C66290E2850ABB700084711 /* AppFont.swift in Sources */ = {isa = PBXBuildFile; fileRef = 4C66290D2850ABB700084711 /* AppFont.swift */; };
		4CE4DB7B285ACBA700E48E6F /* RMStageSession.swift in Sources */ = {isa = PBXBuildFile; fileRef = 4CE4DB7A285ACBA700E48E6F /* RMStageSession.swift */; };
		4CE4DB7D285ACBC200E48E6F /* RMLevelSession.swift in Sources */ = {isa = PBXBuildFile; fileRef = 4CE4DB7C285ACBC200E48E6F /* RMLevelSession.swift */; };
		4CE4DB8E285ACE4D00E48E6F /* OpenDyslexicAlta-BoldItalic.otf in Resources */ = {isa = PBXBuildFile; fileRef = 4CE4DB8A285ACE4D00E48E6F /* OpenDyslexicAlta-BoldItalic.otf */; };
		4CE4DB8F285ACE4D00E48E6F /* OpenDyslexicAlta-Regular.otf in Resources */ = {isa = PBXBuildFile; fileRef = 4CE4DB8B285ACE4D00E48E6F /* OpenDyslexicAlta-Regular.otf */; };
		4CE4DB91285ACE4D00E48E6F /* OpenDyslexicAlta-Italic.otf in Resources */ = {isa = PBXBuildFile; fileRef = 4CE4DB8D285ACE4D00E48E6F /* OpenDyslexicAlta-Italic.otf */; };
		4CE4DB94285AD27900E48E6F /* UserData.swift in Sources */ = {isa = PBXBuildFile; fileRef = 4CE4DB93285AD27900E48E6F /* UserData.swift */; };
		4CE4DB9A285AD50500E48E6F /* LaneManager.swift in Sources */ = {isa = PBXBuildFile; fileRef = 4CE4DB99285AD50500E48E6F /* LaneManager.swift */; };
		4CE4DB9D285AD5DC00E48E6F /* LevelData.swift in Sources */ = {isa = PBXBuildFile; fileRef = 4CE4DB9C285AD5DC00E48E6F /* LevelData.swift */; };
		4CE4DB9F285AD60000E48E6F /* StageData.swift in Sources */ = {isa = PBXBuildFile; fileRef = 4CE4DB9E285AD60000E48E6F /* StageData.swift */; };
		4CE4DBA1285AD67700E48E6F /* SampleStageView.swift in Sources */ = {isa = PBXBuildFile; fileRef = 4CE4DBA0285AD67700E48E6F /* SampleStageView.swift */; };
		4CE4DBA5285AD6FD00E48E6F /* LevelContent.swift in Sources */ = {isa = PBXBuildFile; fileRef = 4CE4DBA4285AD6FD00E48E6F /* LevelContent.swift */; };
		4CE4DBA7285AD9AB00E48E6F /* SoundManager.swift in Sources */ = {isa = PBXBuildFile; fileRef = 4CE4DBA6285AD9AB00E48E6F /* SoundManager.swift */; };
		4CE4DBAA285AD9F300E48E6F /* HapticManager.swift in Sources */ = {isa = PBXBuildFile; fileRef = 4CE4DBA9285AD9F300E48E6F /* HapticManager.swift */; };
		4CE4DBAC285ADA8B00E48E6F /* TextToSpeech.swift in Sources */ = {isa = PBXBuildFile; fileRef = 4CE4DBAB285ADA8B00E48E6F /* TextToSpeech.swift */; };
		4CE4DBB9285F0DE200E48E6F /* ThemedButton.swift in Sources */ = {isa = PBXBuildFile; fileRef = 4CE4DBB8285F0DE200E48E6F /* ThemedButton.swift */; };
		4CE4DBBC2860057400E48E6F /* TextBox.swift in Sources */ = {isa = PBXBuildFile; fileRef = 4CE4DBBB2860057400E48E6F /* TextBox.swift */; };
		4CE4DBBF2860059100E48E6F /* DialogBubble.swift in Sources */ = {isa = PBXBuildFile; fileRef = 4CE4DBBE2860059100E48E6F /* DialogBubble.swift */; };
		4CE4DBC1286005CB00E48E6F /* CardPromptOverlay.swift in Sources */ = {isa = PBXBuildFile; fileRef = 4CE4DBC0286005CB00E48E6F /* CardPromptOverlay.swift */; };
		4CE4DBC3286005F100E48E6F /* CaptionBox.swift in Sources */ = {isa = PBXBuildFile; fileRef = 4CE4DBC2286005F100E48E6F /* CaptionBox.swift */; };
		4CE4DBC5286025D500E48E6F /* StrokeText.swift in Sources */ = {isa = PBXBuildFile; fileRef = 4CE4DBC4286025D500E48E6F /* StrokeText.swift */; };
		4CE4DBC928602A9200E48E6F /* InputNameOnboardView.swift in Sources */ = {isa = PBXBuildFile; fileRef = 4CE4DBC828602A9200E48E6F /* InputNameOnboardView.swift */; };
		4CE4DBCB28602B2800E48E6F /* WelcomeView.swift in Sources */ = {isa = PBXBuildFile; fileRef = 4CE4DBCA28602B2800E48E6F /* WelcomeView.swift */; };
		4CE4DBDD2860BAE800E48E6F /* MiniOneStoryView.swift in Sources */ = {isa = PBXBuildFile; fileRef = 4CE4DBDC2860BAE800E48E6F /* MiniOneStoryView.swift */; };
		4CE4DBE02860BB5700E48E6F /* SceneWithCaptionView.swift in Sources */ = {isa = PBXBuildFile; fileRef = 4CE4DBDF2860BB5700E48E6F /* SceneWithCaptionView.swift */; };
		4CE4DC012861586500E48E6F /* Screen 11.mp3 in Resources */ = {isa = PBXBuildFile; fileRef = 4CE4DBE42861586400E48E6F /* Screen 11.mp3 */; };
		4CE4DC022861586500E48E6F /* Screen 4.mp3 in Resources */ = {isa = PBXBuildFile; fileRef = 4CE4DBE52861586400E48E6F /* Screen 4.mp3 */; };
		4CE4DC032861586500E48E6F /* Screen 6.mp3 in Resources */ = {isa = PBXBuildFile; fileRef = 4CE4DBE62861586400E48E6F /* Screen 6.mp3 */; };
		4CE4DC042861586500E48E6F /* Screen 10 Neta.mp3 in Resources */ = {isa = PBXBuildFile; fileRef = 4CE4DBE72861586400E48E6F /* Screen 10 Neta.mp3 */; };
		4CE4DC052861586500E48E6F /* Screen 4 Minigame Start.mp3 in Resources */ = {isa = PBXBuildFile; fileRef = 4CE4DBE82861586400E48E6F /* Screen 4 Minigame Start.mp3 */; };
		4CE4DC062861586500E48E6F /* Screen 3 Kepi.mp3 in Resources */ = {isa = PBXBuildFile; fileRef = 4CE4DBE92861586400E48E6F /* Screen 3 Kepi.mp3 */; };
		4CE4DC072861586500E48E6F /* Screen 19 Minigame Start.mp3 in Resources */ = {isa = PBXBuildFile; fileRef = 4CE4DBEA2861586400E48E6F /* Screen 19 Minigame Start.mp3 */; };
		4CE4DC082861586500E48E6F /* Screen 5 Minigame End.mp3 in Resources */ = {isa = PBXBuildFile; fileRef = 4CE4DBEB2861586400E48E6F /* Screen 5 Minigame End.mp3 */; };
		4CE4DC092861586500E48E6F /* Screen 17.mp3 in Resources */ = {isa = PBXBuildFile; fileRef = 4CE4DBEC2861586500E48E6F /* Screen 17.mp3 */; };
		4CE4DC0A2861586500E48E6F /* Screen 4 Kepi.mp3 in Resources */ = {isa = PBXBuildFile; fileRef = 4CE4DBED2861586500E48E6F /* Screen 4 Kepi.mp3 */; };
		4CE4DC0B2861586500E48E6F /* Screen 5 Minigame End Kepi.mp3 in Resources */ = {isa = PBXBuildFile; fileRef = 4CE4DBEE2861586500E48E6F /* Screen 5 Minigame End Kepi.mp3 */; };
		4CE4DC0C2861586500E48E6F /* Screen 12.mp3 in Resources */ = {isa = PBXBuildFile; fileRef = 4CE4DBEF2861586500E48E6F /* Screen 12.mp3 */; };
		4CE4DC0D2861586500E48E6F /* Screen 14 Minigame 3.mp3 in Resources */ = {isa = PBXBuildFile; fileRef = 4CE4DBF02861586500E48E6F /* Screen 14 Minigame 3.mp3 */; };
		4CE4DC0E2861586500E48E6F /* Screen 7.mp3 in Resources */ = {isa = PBXBuildFile; fileRef = 4CE4DBF12861586500E48E6F /* Screen 7.mp3 */; };
		4CE4DC0F2861586500E48E6F /* Screen 16.mp3 in Resources */ = {isa = PBXBuildFile; fileRef = 4CE4DBF22861586500E48E6F /* Screen 16.mp3 */; };
		4CE4DC102861586500E48E6F /* Screen 10.mp3 in Resources */ = {isa = PBXBuildFile; fileRef = 4CE4DBF32861586500E48E6F /* Screen 10.mp3 */; };
		4CE4DC112861586500E48E6F /* Screen 2.mp3 in Resources */ = {isa = PBXBuildFile; fileRef = 4CE4DBF42861586500E48E6F /* Screen 2.mp3 */; };
		4CE4DC122861586500E48E6F /* Screen 21 Minigame End.mp3 in Resources */ = {isa = PBXBuildFile; fileRef = 4CE4DBF52861586500E48E6F /* Screen 21 Minigame End.mp3 */; };
		4CE4DC132861586500E48E6F /* Screen 9 Minigame End Neta.mp3 in Resources */ = {isa = PBXBuildFile; fileRef = 4CE4DBF62861586500E48E6F /* Screen 9 Minigame End Neta.mp3 */; };
		4CE4DC142861586500E48E6F /* Screen 16 Neta.mp3 in Resources */ = {isa = PBXBuildFile; fileRef = 4CE4DBF72861586500E48E6F /* Screen 16 Neta.mp3 */; };
		4CE4DC152861586500E48E6F /* Screen 3.mp3 in Resources */ = {isa = PBXBuildFile; fileRef = 4CE4DBF82861586500E48E6F /* Screen 3.mp3 */; };
		4CE4DC162861586500E48E6F /* Screen 15 Minigame End.mp3 in Resources */ = {isa = PBXBuildFile; fileRef = 4CE4DBF92861586500E48E6F /* Screen 15 Minigame End.mp3 */; };
		4CE4DC172861586500E48E6F /* Screen 7 Minigame Start.mp3 in Resources */ = {isa = PBXBuildFile; fileRef = 4CE4DBFA2861586500E48E6F /* Screen 7 Minigame Start.mp3 */; };
		4CE4DC182861586500E48E6F /* Screen 9 Minigame End.mp3 in Resources */ = {isa = PBXBuildFile; fileRef = 4CE4DBFB2861586500E48E6F /* Screen 9 Minigame End.mp3 */; };
		4CE4DC192861586500E48E6F /* Screen 15 Minigame End Neta.mp3 in Resources */ = {isa = PBXBuildFile; fileRef = 4CE4DBFC2861586500E48E6F /* Screen 15 Minigame End Neta.mp3 */; };
		4CE4DC1A2861586500E48E6F /* Screen 8 Minigame 2.mp3 in Resources */ = {isa = PBXBuildFile; fileRef = 4CE4DBFD2861586500E48E6F /* Screen 8 Minigame 2.mp3 */; };
		4CE4DC1B2861586500E48E6F /* Screen 7 Neta.mp3 in Resources */ = {isa = PBXBuildFile; fileRef = 4CE4DBFE2861586500E48E6F /* Screen 7 Neta.mp3 */; };
		4CE4DC1C2861586500E48E6F /* Screen 18.mp3 in Resources */ = {isa = PBXBuildFile; fileRef = 4CE4DBFF2861586500E48E6F /* Screen 18.mp3 */; };
		4CE4DC1D2861586500E48E6F /* Screen 13 Minigame Start.mp3 in Resources */ = {isa = PBXBuildFile; fileRef = 4CE4DC002861586500E48E6F /* Screen 13 Minigame Start.mp3 */; };
		4CE4DC222861587300E48E6F /* Siap.mp3 in Resources */ = {isa = PBXBuildFile; fileRef = 4CE4DC1E2861587300E48E6F /* Siap.mp3 */; };
		4CE4DC232861587300E48E6F /* Selanjutnya.mp3 in Resources */ = {isa = PBXBuildFile; fileRef = 4CE4DC1F2861587300E48E6F /* Selanjutnya.mp3 */; };
		4CE4DC242861587300E48E6F /* 321.mp3 in Resources */ = {isa = PBXBuildFile; fileRef = 4CE4DC202861587300E48E6F /* 321.mp3 */; };
		4CE4DC252861587300E48E6F /* Buka.mp3 in Resources */ = {isa = PBXBuildFile; fileRef = 4CE4DC212861587300E48E6F /* Buka.mp3 */; };
		4CE4DC422861589100E48E6F /* n.mp3 in Resources */ = {isa = PBXBuildFile; fileRef = 4CE4DC282861589000E48E6F /* n.mp3 */; };
		4CE4DC432861589100E48E6F /* d.mp3 in Resources */ = {isa = PBXBuildFile; fileRef = 4CE4DC292861589100E48E6F /* d.mp3 */; };
		4CE4DC442861589100E48E6F /* k.mp3 in Resources */ = {isa = PBXBuildFile; fileRef = 4CE4DC2A2861589100E48E6F /* k.mp3 */; };
		4CE4DC452861589100E48E6F /* q.mp3 in Resources */ = {isa = PBXBuildFile; fileRef = 4CE4DC2B2861589100E48E6F /* q.mp3 */; };
		4CE4DC462861589100E48E6F /* u.mp3 in Resources */ = {isa = PBXBuildFile; fileRef = 4CE4DC2C2861589100E48E6F /* u.mp3 */; };
		4CE4DC472861589100E48E6F /* e.mp3 in Resources */ = {isa = PBXBuildFile; fileRef = 4CE4DC2D2861589100E48E6F /* e.mp3 */; };
		4CE4DC482861589100E48E6F /* l.mp3 in Resources */ = {isa = PBXBuildFile; fileRef = 4CE4DC2E2861589100E48E6F /* l.mp3 */; };
		4CE4DC492861589100E48E6F /* g.mp3 in Resources */ = {isa = PBXBuildFile; fileRef = 4CE4DC2F2861589100E48E6F /* g.mp3 */; };
		4CE4DC4A2861589100E48E6F /* w.mp3 in Resources */ = {isa = PBXBuildFile; fileRef = 4CE4DC302861589100E48E6F /* w.mp3 */; };
		4CE4DC4B2861589100E48E6F /* t.mp3 in Resources */ = {isa = PBXBuildFile; fileRef = 4CE4DC312861589100E48E6F /* t.mp3 */; };
		4CE4DC4C2861589100E48E6F /* a.mp3 in Resources */ = {isa = PBXBuildFile; fileRef = 4CE4DC322861589100E48E6F /* a.mp3 */; };
		4CE4DC4D2861589100E48E6F /* p.mp3 in Resources */ = {isa = PBXBuildFile; fileRef = 4CE4DC332861589100E48E6F /* p.mp3 */; };
		4CE4DC4E2861589100E48E6F /* r.mp3 in Resources */ = {isa = PBXBuildFile; fileRef = 4CE4DC342861589100E48E6F /* r.mp3 */; };
		4CE4DC4F2861589100E48E6F /* i.mp3 in Resources */ = {isa = PBXBuildFile; fileRef = 4CE4DC352861589100E48E6F /* i.mp3 */; };
		4CE4DC502861589100E48E6F /* c.mp3 in Resources */ = {isa = PBXBuildFile; fileRef = 4CE4DC362861589100E48E6F /* c.mp3 */; };
		4CE4DC512861589100E48E6F /* y.mp3 in Resources */ = {isa = PBXBuildFile; fileRef = 4CE4DC372861589100E48E6F /* y.mp3 */; };
		4CE4DC522861589100E48E6F /* f.mp3 in Resources */ = {isa = PBXBuildFile; fileRef = 4CE4DC382861589100E48E6F /* f.mp3 */; };
		4CE4DC532861589100E48E6F /* m.mp3 in Resources */ = {isa = PBXBuildFile; fileRef = 4CE4DC392861589100E48E6F /* m.mp3 */; };
		4CE4DC542861589100E48E6F /* x.mp3 in Resources */ = {isa = PBXBuildFile; fileRef = 4CE4DC3A2861589100E48E6F /* x.mp3 */; };
		4CE4DC552861589100E48E6F /* b.mp3 in Resources */ = {isa = PBXBuildFile; fileRef = 4CE4DC3B2861589100E48E6F /* b.mp3 */; };
		4CE4DC562861589100E48E6F /* o.mp3 in Resources */ = {isa = PBXBuildFile; fileRef = 4CE4DC3C2861589100E48E6F /* o.mp3 */; };
		4CE4DC572861589100E48E6F /* z.mp3 in Resources */ = {isa = PBXBuildFile; fileRef = 4CE4DC3D2861589100E48E6F /* z.mp3 */; };
		4CE4DC582861589100E48E6F /* h.mp3 in Resources */ = {isa = PBXBuildFile; fileRef = 4CE4DC3E2861589100E48E6F /* h.mp3 */; };
		4CE4DC592861589100E48E6F /* v.mp3 in Resources */ = {isa = PBXBuildFile; fileRef = 4CE4DC3F2861589100E48E6F /* v.mp3 */; };
		4CE4DC5A2861589100E48E6F /* s.mp3 in Resources */ = {isa = PBXBuildFile; fileRef = 4CE4DC402861589100E48E6F /* s.mp3 */; };
		4CE4DC5B2861589100E48E6F /* j.mp3 in Resources */ = {isa = PBXBuildFile; fileRef = 4CE4DC412861589100E48E6F /* j.mp3 */; };
		4CE4DC5D28615DF400E48E6F /* SoundAssets.swift in Sources */ = {isa = PBXBuildFile; fileRef = 4CE4DC5C28615DF400E48E6F /* SoundAssets.swift */; };
		4CE4DC5F2861D85200E48E6F /* MainStoryLane.swift in Sources */ = {isa = PBXBuildFile; fileRef = 4CE4DC5E2861D85200E48E6F /* MainStoryLane.swift */; };
		4CE4DC622862181A00E48E6F /* MiniTwoStoryView.swift in Sources */ = {isa = PBXBuildFile; fileRef = 4CE4DC612862181A00E48E6F /* MiniTwoStoryView.swift */; };
		4CE4DC6428621E6C00E48E6F /* MiniThreeStoryView.swift in Sources */ = {isa = PBXBuildFile; fileRef = 4CE4DC6328621E6C00E48E6F /* MiniThreeStoryView.swift */; };
		4CE4DC662862214E00E48E6F /* MiniFourStoryView.swift in Sources */ = {isa = PBXBuildFile; fileRef = 4CE4DC652862214E00E48E6F /* MiniFourStoryView.swift */; };
		4CE4DC68286228CD00E48E6F /* StoryMiniEndView.swift in Sources */ = {isa = PBXBuildFile; fileRef = 4CE4DC67286228CD00E48E6F /* StoryMiniEndView.swift */; };
		4CE4DC6A2862DBDD00E48E6F /* MiniStoryView.swift in Sources */ = {isa = PBXBuildFile; fileRef = 4CE4DC692862DBDD00E48E6F /* MiniStoryView.swift */; };
		4CE4DC6C28631AC600E48E6F /* NavButton.swift in Sources */ = {isa = PBXBuildFile; fileRef = 4CE4DC6B28631AC600E48E6F /* NavButton.swift */; };
		4CE4DC6E28631D1C00E48E6F /* MuteButton.swift in Sources */ = {isa = PBXBuildFile; fileRef = 4CE4DC6D28631D1C00E48E6F /* MuteButton.swift */; };
		4CE4DC702863282B00E48E6F /* ReplayButton.swift in Sources */ = {isa = PBXBuildFile; fileRef = 4CE4DC6F2863282A00E48E6F /* ReplayButton.swift */; };
		4CE4DC722863306700E48E6F /* SceneWithCaptionViewModel.swift in Sources */ = {isa = PBXBuildFile; fileRef = 4CE4DC712863306700E48E6F /* SceneWithCaptionViewModel.swift */; };
		4CE4DC73286346D600E48E6F /* OpenDyslexicAlta-Bold.otf in Resources */ = {isa = PBXBuildFile; fileRef = 4CE4DBCE28607D8800E48E6F /* OpenDyslexicAlta-Bold.otf */; };
		B53F8B2AEF6E2667CF969B90 /* Pods_FonetaTests.framework in Frameworks */ = {isa = PBXBuildFile; fileRef = FD92DB01FD61FABF43FB5168 /* Pods_FonetaTests.framework */; };
		FB49BDC11C1559BB66DE1BFC /* Pods_Foneta_FonetaUITests.framework in Frameworks */ = {isa = PBXBuildFile; fileRef = BA8CD1D52A3658A544B34C9C /* Pods_Foneta_FonetaUITests.framework */; };
/* End PBXBuildFile section */

/* Begin PBXContainerItemProxy section */
		4C6628BC285097B500084711 /* PBXContainerItemProxy */ = {
			isa = PBXContainerItemProxy;
			containerPortal = 4C6628A3285097B400084711 /* Project object */;
			proxyType = 1;
			remoteGlobalIDString = 4C6628AA285097B400084711;
			remoteInfo = Foneta;
		};
		4C6628C6285097B500084711 /* PBXContainerItemProxy */ = {
			isa = PBXContainerItemProxy;
			containerPortal = 4C6628A3285097B400084711 /* Project object */;
			proxyType = 1;
			remoteGlobalIDString = 4C6628AA285097B400084711;
			remoteInfo = Foneta;
		};
/* End PBXContainerItemProxy section */

/* Begin PBXFileReference section */
		00614C3082AEECBA32C97C42 /* Pods-Foneta-FonetaUITests.debug.xcconfig */ = {isa = PBXFileReference; includeInIndex = 1; lastKnownFileType = text.xcconfig; name = "Pods-Foneta-FonetaUITests.debug.xcconfig"; path = "Target Support Files/Pods-Foneta-FonetaUITests/Pods-Foneta-FonetaUITests.debug.xcconfig"; sourceTree = "<group>"; };
		4C6628AB285097B400084711 /* Foneta.app */ = {isa = PBXFileReference; explicitFileType = wrapper.application; includeInIndex = 0; path = Foneta.app; sourceTree = BUILT_PRODUCTS_DIR; };
		4C6628AE285097B400084711 /* FonetaApp.swift */ = {isa = PBXFileReference; lastKnownFileType = sourcecode.swift; path = FonetaApp.swift; sourceTree = "<group>"; };
		4C6628B0285097B400084711 /* ContentView.swift */ = {isa = PBXFileReference; lastKnownFileType = sourcecode.swift; path = ContentView.swift; sourceTree = "<group>"; };
		4C6628B2285097B500084711 /* Assets.xcassets */ = {isa = PBXFileReference; lastKnownFileType = folder.assetcatalog; path = Assets.xcassets; sourceTree = "<group>"; };
		4C6628B5285097B500084711 /* Preview Assets.xcassets */ = {isa = PBXFileReference; lastKnownFileType = folder.assetcatalog; path = "Preview Assets.xcassets"; sourceTree = "<group>"; };
		4C6628BB285097B500084711 /* FonetaTests.xctest */ = {isa = PBXFileReference; explicitFileType = wrapper.cfbundle; includeInIndex = 0; path = FonetaTests.xctest; sourceTree = BUILT_PRODUCTS_DIR; };
		4C6628BF285097B500084711 /* FonetaTests.swift */ = {isa = PBXFileReference; lastKnownFileType = sourcecode.swift; path = FonetaTests.swift; sourceTree = "<group>"; };
		4C6628C5285097B500084711 /* FonetaUITests.xctest */ = {isa = PBXFileReference; explicitFileType = wrapper.cfbundle; includeInIndex = 0; path = FonetaUITests.xctest; sourceTree = BUILT_PRODUCTS_DIR; };
		4C6628C9285097B500084711 /* FonetaUITests.swift */ = {isa = PBXFileReference; lastKnownFileType = sourcecode.swift; path = FonetaUITests.swift; sourceTree = "<group>"; };
		4C6628CB285097B500084711 /* FonetaUITestsLaunchTests.swift */ = {isa = PBXFileReference; lastKnownFileType = sourcecode.swift; path = FonetaUITestsLaunchTests.swift; sourceTree = "<group>"; };
		4C6628DD28509A2000084711 /* HomeView.swift */ = {isa = PBXFileReference; lastKnownFileType = sourcecode.swift; path = HomeView.swift; sourceTree = "<group>"; };
		4C6628DF28509A2C00084711 /* HomeViewModel.swift */ = {isa = PBXFileReference; lastKnownFileType = sourcecode.swift; path = HomeViewModel.swift; sourceTree = "<group>"; };
		4C6628E22850A4F600084711 /* README.md */ = {isa = PBXFileReference; fileEncoding = 4; lastKnownFileType = net.daringfireball.markdown; path = README.md; sourceTree = "<group>"; };
		4C6628E72850A55100084711 /* AppColor.swift */ = {isa = PBXFileReference; lastKnownFileType = sourcecode.swift; path = AppColor.swift; sourceTree = "<group>"; };
		4C6628EF2850A67A00084711 /* Inter-VariableFont_slnt,wght.ttf */ = {isa = PBXFileReference; lastKnownFileType = file; path = "Inter-VariableFont_slnt,wght.ttf"; sourceTree = "<group>"; };
		4C6628F12850A67A00084711 /* Inter-Medium.ttf */ = {isa = PBXFileReference; lastKnownFileType = file; path = "Inter-Medium.ttf"; sourceTree = "<group>"; };
		4C6628F22850A67A00084711 /* Inter-Light.ttf */ = {isa = PBXFileReference; lastKnownFileType = file; path = "Inter-Light.ttf"; sourceTree = "<group>"; };
		4C6628F32850A67A00084711 /* Inter-Thin.ttf */ = {isa = PBXFileReference; lastKnownFileType = file; path = "Inter-Thin.ttf"; sourceTree = "<group>"; };
		4C6628F42850A67A00084711 /* Inter-Bold.ttf */ = {isa = PBXFileReference; lastKnownFileType = file; path = "Inter-Bold.ttf"; sourceTree = "<group>"; };
		4C6628F52850A67A00084711 /* Inter-Regular.ttf */ = {isa = PBXFileReference; lastKnownFileType = file; path = "Inter-Regular.ttf"; sourceTree = "<group>"; };
		4C6628F62850A67A00084711 /* Inter-ExtraBold.ttf */ = {isa = PBXFileReference; lastKnownFileType = file; path = "Inter-ExtraBold.ttf"; sourceTree = "<group>"; };
		4C6628F72850A67A00084711 /* Inter-ExtraLight.ttf */ = {isa = PBXFileReference; lastKnownFileType = file; path = "Inter-ExtraLight.ttf"; sourceTree = "<group>"; };
		4C6628F82850A67A00084711 /* Inter-Black.ttf */ = {isa = PBXFileReference; lastKnownFileType = file; path = "Inter-Black.ttf"; sourceTree = "<group>"; };
		4C6628F92850A67A00084711 /* Inter-SemiBold.ttf */ = {isa = PBXFileReference; lastKnownFileType = file; path = "Inter-SemiBold.ttf"; sourceTree = "<group>"; };
		4C66290C2850AB4D00084711 /* Info.plist */ = {isa = PBXFileReference; lastKnownFileType = text.plist; path = Info.plist; sourceTree = "<group>"; };
		4C66290D2850ABB700084711 /* AppFont.swift */ = {isa = PBXFileReference; lastKnownFileType = sourcecode.swift; path = AppFont.swift; sourceTree = "<group>"; };
		4CE4DB7A285ACBA700E48E6F /* RMStageSession.swift */ = {isa = PBXFileReference; lastKnownFileType = sourcecode.swift; path = RMStageSession.swift; sourceTree = "<group>"; };
		4CE4DB7C285ACBC200E48E6F /* RMLevelSession.swift */ = {isa = PBXFileReference; lastKnownFileType = sourcecode.swift; path = RMLevelSession.swift; sourceTree = "<group>"; };
		4CE4DB8A285ACE4D00E48E6F /* OpenDyslexicAlta-BoldItalic.otf */ = {isa = PBXFileReference; lastKnownFileType = file; path = "OpenDyslexicAlta-BoldItalic.otf"; sourceTree = "<group>"; };
		4CE4DB8B285ACE4D00E48E6F /* OpenDyslexicAlta-Regular.otf */ = {isa = PBXFileReference; lastKnownFileType = file; path = "OpenDyslexicAlta-Regular.otf"; sourceTree = "<group>"; };
		4CE4DB8D285ACE4D00E48E6F /* OpenDyslexicAlta-Italic.otf */ = {isa = PBXFileReference; lastKnownFileType = file; path = "OpenDyslexicAlta-Italic.otf"; sourceTree = "<group>"; };
		4CE4DB93285AD27900E48E6F /* UserData.swift */ = {isa = PBXFileReference; lastKnownFileType = sourcecode.swift; path = UserData.swift; sourceTree = "<group>"; };
		4CE4DB99285AD50500E48E6F /* LaneManager.swift */ = {isa = PBXFileReference; lastKnownFileType = sourcecode.swift; path = LaneManager.swift; sourceTree = "<group>"; };
		4CE4DB9C285AD5DC00E48E6F /* LevelData.swift */ = {isa = PBXFileReference; lastKnownFileType = sourcecode.swift; path = LevelData.swift; sourceTree = "<group>"; };
		4CE4DB9E285AD60000E48E6F /* StageData.swift */ = {isa = PBXFileReference; lastKnownFileType = sourcecode.swift; path = StageData.swift; sourceTree = "<group>"; };
		4CE4DBA0285AD67700E48E6F /* SampleStageView.swift */ = {isa = PBXFileReference; lastKnownFileType = sourcecode.swift; path = SampleStageView.swift; sourceTree = "<group>"; };
		4CE4DBA4285AD6FD00E48E6F /* LevelContent.swift */ = {isa = PBXFileReference; lastKnownFileType = sourcecode.swift; path = LevelContent.swift; sourceTree = "<group>"; };
		4CE4DBA6285AD9AB00E48E6F /* SoundManager.swift */ = {isa = PBXFileReference; lastKnownFileType = sourcecode.swift; path = SoundManager.swift; sourceTree = "<group>"; };
		4CE4DBA9285AD9F300E48E6F /* HapticManager.swift */ = {isa = PBXFileReference; lastKnownFileType = sourcecode.swift; path = HapticManager.swift; sourceTree = "<group>"; };
		4CE4DBAB285ADA8B00E48E6F /* TextToSpeech.swift */ = {isa = PBXFileReference; lastKnownFileType = sourcecode.swift; path = TextToSpeech.swift; sourceTree = "<group>"; };
		4CE4DBB8285F0DE200E48E6F /* ThemedButton.swift */ = {isa = PBXFileReference; lastKnownFileType = sourcecode.swift; path = ThemedButton.swift; sourceTree = "<group>"; };
		4CE4DBBB2860057400E48E6F /* TextBox.swift */ = {isa = PBXFileReference; lastKnownFileType = sourcecode.swift; path = TextBox.swift; sourceTree = "<group>"; };
		4CE4DBBE2860059100E48E6F /* DialogBubble.swift */ = {isa = PBXFileReference; lastKnownFileType = sourcecode.swift; path = DialogBubble.swift; sourceTree = "<group>"; };
		4CE4DBC0286005CB00E48E6F /* CardPromptOverlay.swift */ = {isa = PBXFileReference; lastKnownFileType = sourcecode.swift; path = CardPromptOverlay.swift; sourceTree = "<group>"; };
		4CE4DBC2286005F100E48E6F /* CaptionBox.swift */ = {isa = PBXFileReference; lastKnownFileType = sourcecode.swift; path = CaptionBox.swift; sourceTree = "<group>"; };
		4CE4DBC4286025D500E48E6F /* StrokeText.swift */ = {isa = PBXFileReference; lastKnownFileType = sourcecode.swift; path = StrokeText.swift; sourceTree = "<group>"; };
		4CE4DBC828602A9200E48E6F /* InputNameOnboardView.swift */ = {isa = PBXFileReference; lastKnownFileType = sourcecode.swift; path = InputNameOnboardView.swift; sourceTree = "<group>"; };
		4CE4DBCA28602B2800E48E6F /* WelcomeView.swift */ = {isa = PBXFileReference; lastKnownFileType = sourcecode.swift; path = WelcomeView.swift; sourceTree = "<group>"; };
		4CE4DBCE28607D8800E48E6F /* OpenDyslexicAlta-Bold.otf */ = {isa = PBXFileReference; lastKnownFileType = file; path = "OpenDyslexicAlta-Bold.otf"; sourceTree = "<group>"; };
		4CE4DBDC2860BAE800E48E6F /* MiniOneStoryView.swift */ = {isa = PBXFileReference; lastKnownFileType = sourcecode.swift; path = MiniOneStoryView.swift; sourceTree = "<group>"; };
		4CE4DBDF2860BB5700E48E6F /* SceneWithCaptionView.swift */ = {isa = PBXFileReference; lastKnownFileType = sourcecode.swift; path = SceneWithCaptionView.swift; sourceTree = "<group>"; };
		4CE4DBE42861586400E48E6F /* Screen 11.mp3 */ = {isa = PBXFileReference; lastKnownFileType = audio.mp3; path = "Screen 11.mp3"; sourceTree = "<group>"; };
		4CE4DBE52861586400E48E6F /* Screen 4.mp3 */ = {isa = PBXFileReference; lastKnownFileType = audio.mp3; path = "Screen 4.mp3"; sourceTree = "<group>"; };
		4CE4DBE62861586400E48E6F /* Screen 6.mp3 */ = {isa = PBXFileReference; lastKnownFileType = audio.mp3; path = "Screen 6.mp3"; sourceTree = "<group>"; };
		4CE4DBE72861586400E48E6F /* Screen 10 Neta.mp3 */ = {isa = PBXFileReference; lastKnownFileType = audio.mp3; path = "Screen 10 Neta.mp3"; sourceTree = "<group>"; };
		4CE4DBE82861586400E48E6F /* Screen 4 Minigame Start.mp3 */ = {isa = PBXFileReference; lastKnownFileType = audio.mp3; path = "Screen 4 Minigame Start.mp3"; sourceTree = "<group>"; };
		4CE4DBE92861586400E48E6F /* Screen 3 Kepi.mp3 */ = {isa = PBXFileReference; lastKnownFileType = audio.mp3; path = "Screen 3 Kepi.mp3"; sourceTree = "<group>"; };
		4CE4DBEA2861586400E48E6F /* Screen 19 Minigame Start.mp3 */ = {isa = PBXFileReference; lastKnownFileType = audio.mp3; path = "Screen 19 Minigame Start.mp3"; sourceTree = "<group>"; };
		4CE4DBEB2861586400E48E6F /* Screen 5 Minigame End.mp3 */ = {isa = PBXFileReference; lastKnownFileType = audio.mp3; path = "Screen 5 Minigame End.mp3"; sourceTree = "<group>"; };
		4CE4DBEC2861586500E48E6F /* Screen 17.mp3 */ = {isa = PBXFileReference; lastKnownFileType = audio.mp3; path = "Screen 17.mp3"; sourceTree = "<group>"; };
		4CE4DBED2861586500E48E6F /* Screen 4 Kepi.mp3 */ = {isa = PBXFileReference; lastKnownFileType = audio.mp3; path = "Screen 4 Kepi.mp3"; sourceTree = "<group>"; };
		4CE4DBEE2861586500E48E6F /* Screen 5 Minigame End Kepi.mp3 */ = {isa = PBXFileReference; lastKnownFileType = audio.mp3; path = "Screen 5 Minigame End Kepi.mp3"; sourceTree = "<group>"; };
		4CE4DBEF2861586500E48E6F /* Screen 12.mp3 */ = {isa = PBXFileReference; lastKnownFileType = audio.mp3; path = "Screen 12.mp3"; sourceTree = "<group>"; };
		4CE4DBF02861586500E48E6F /* Screen 14 Minigame 3.mp3 */ = {isa = PBXFileReference; lastKnownFileType = audio.mp3; path = "Screen 14 Minigame 3.mp3"; sourceTree = "<group>"; };
		4CE4DBF12861586500E48E6F /* Screen 7.mp3 */ = {isa = PBXFileReference; lastKnownFileType = audio.mp3; path = "Screen 7.mp3"; sourceTree = "<group>"; };
		4CE4DBF22861586500E48E6F /* Screen 16.mp3 */ = {isa = PBXFileReference; lastKnownFileType = audio.mp3; path = "Screen 16.mp3"; sourceTree = "<group>"; };
		4CE4DBF32861586500E48E6F /* Screen 10.mp3 */ = {isa = PBXFileReference; lastKnownFileType = audio.mp3; path = "Screen 10.mp3"; sourceTree = "<group>"; };
		4CE4DBF42861586500E48E6F /* Screen 2.mp3 */ = {isa = PBXFileReference; lastKnownFileType = audio.mp3; path = "Screen 2.mp3"; sourceTree = "<group>"; };
		4CE4DBF52861586500E48E6F /* Screen 21 Minigame End.mp3 */ = {isa = PBXFileReference; lastKnownFileType = audio.mp3; path = "Screen 21 Minigame End.mp3"; sourceTree = "<group>"; };
		4CE4DBF62861586500E48E6F /* Screen 9 Minigame End Neta.mp3 */ = {isa = PBXFileReference; lastKnownFileType = audio.mp3; path = "Screen 9 Minigame End Neta.mp3"; sourceTree = "<group>"; };
		4CE4DBF72861586500E48E6F /* Screen 16 Neta.mp3 */ = {isa = PBXFileReference; lastKnownFileType = audio.mp3; path = "Screen 16 Neta.mp3"; sourceTree = "<group>"; };
		4CE4DBF82861586500E48E6F /* Screen 3.mp3 */ = {isa = PBXFileReference; lastKnownFileType = audio.mp3; path = "Screen 3.mp3"; sourceTree = "<group>"; };
		4CE4DBF92861586500E48E6F /* Screen 15 Minigame End.mp3 */ = {isa = PBXFileReference; lastKnownFileType = audio.mp3; path = "Screen 15 Minigame End.mp3"; sourceTree = "<group>"; };
		4CE4DBFA2861586500E48E6F /* Screen 7 Minigame Start.mp3 */ = {isa = PBXFileReference; lastKnownFileType = audio.mp3; path = "Screen 7 Minigame Start.mp3"; sourceTree = "<group>"; };
		4CE4DBFB2861586500E48E6F /* Screen 9 Minigame End.mp3 */ = {isa = PBXFileReference; lastKnownFileType = audio.mp3; path = "Screen 9 Minigame End.mp3"; sourceTree = "<group>"; };
		4CE4DBFC2861586500E48E6F /* Screen 15 Minigame End Neta.mp3 */ = {isa = PBXFileReference; lastKnownFileType = audio.mp3; path = "Screen 15 Minigame End Neta.mp3"; sourceTree = "<group>"; };
		4CE4DBFD2861586500E48E6F /* Screen 8 Minigame 2.mp3 */ = {isa = PBXFileReference; lastKnownFileType = audio.mp3; path = "Screen 8 Minigame 2.mp3"; sourceTree = "<group>"; };
		4CE4DBFE2861586500E48E6F /* Screen 7 Neta.mp3 */ = {isa = PBXFileReference; lastKnownFileType = audio.mp3; path = "Screen 7 Neta.mp3"; sourceTree = "<group>"; };
		4CE4DBFF2861586500E48E6F /* Screen 18.mp3 */ = {isa = PBXFileReference; lastKnownFileType = audio.mp3; path = "Screen 18.mp3"; sourceTree = "<group>"; };
		4CE4DC002861586500E48E6F /* Screen 13 Minigame Start.mp3 */ = {isa = PBXFileReference; lastKnownFileType = audio.mp3; path = "Screen 13 Minigame Start.mp3"; sourceTree = "<group>"; };
		4CE4DC1E2861587300E48E6F /* Siap.mp3 */ = {isa = PBXFileReference; lastKnownFileType = audio.mp3; path = Siap.mp3; sourceTree = "<group>"; };
		4CE4DC1F2861587300E48E6F /* Selanjutnya.mp3 */ = {isa = PBXFileReference; lastKnownFileType = audio.mp3; path = Selanjutnya.mp3; sourceTree = "<group>"; };
		4CE4DC202861587300E48E6F /* 321.mp3 */ = {isa = PBXFileReference; lastKnownFileType = audio.mp3; path = 321.mp3; sourceTree = "<group>"; };
		4CE4DC212861587300E48E6F /* Buka.mp3 */ = {isa = PBXFileReference; lastKnownFileType = audio.mp3; path = Buka.mp3; sourceTree = "<group>"; };
		4CE4DC282861589000E48E6F /* n.mp3 */ = {isa = PBXFileReference; lastKnownFileType = audio.mp3; path = n.mp3; sourceTree = "<group>"; };
		4CE4DC292861589100E48E6F /* d.mp3 */ = {isa = PBXFileReference; lastKnownFileType = audio.mp3; path = d.mp3; sourceTree = "<group>"; };
		4CE4DC2A2861589100E48E6F /* k.mp3 */ = {isa = PBXFileReference; lastKnownFileType = audio.mp3; path = k.mp3; sourceTree = "<group>"; };
		4CE4DC2B2861589100E48E6F /* q.mp3 */ = {isa = PBXFileReference; lastKnownFileType = audio.mp3; path = q.mp3; sourceTree = "<group>"; };
		4CE4DC2C2861589100E48E6F /* u.mp3 */ = {isa = PBXFileReference; lastKnownFileType = audio.mp3; path = u.mp3; sourceTree = "<group>"; };
		4CE4DC2D2861589100E48E6F /* e.mp3 */ = {isa = PBXFileReference; lastKnownFileType = audio.mp3; path = e.mp3; sourceTree = "<group>"; };
		4CE4DC2E2861589100E48E6F /* l.mp3 */ = {isa = PBXFileReference; lastKnownFileType = audio.mp3; path = l.mp3; sourceTree = "<group>"; };
		4CE4DC2F2861589100E48E6F /* g.mp3 */ = {isa = PBXFileReference; lastKnownFileType = audio.mp3; path = g.mp3; sourceTree = "<group>"; };
		4CE4DC302861589100E48E6F /* w.mp3 */ = {isa = PBXFileReference; lastKnownFileType = audio.mp3; path = w.mp3; sourceTree = "<group>"; };
		4CE4DC312861589100E48E6F /* t.mp3 */ = {isa = PBXFileReference; lastKnownFileType = audio.mp3; path = t.mp3; sourceTree = "<group>"; };
		4CE4DC322861589100E48E6F /* a.mp3 */ = {isa = PBXFileReference; lastKnownFileType = audio.mp3; path = a.mp3; sourceTree = "<group>"; };
		4CE4DC332861589100E48E6F /* p.mp3 */ = {isa = PBXFileReference; lastKnownFileType = audio.mp3; path = p.mp3; sourceTree = "<group>"; };
		4CE4DC342861589100E48E6F /* r.mp3 */ = {isa = PBXFileReference; lastKnownFileType = audio.mp3; path = r.mp3; sourceTree = "<group>"; };
		4CE4DC352861589100E48E6F /* i.mp3 */ = {isa = PBXFileReference; lastKnownFileType = audio.mp3; path = i.mp3; sourceTree = "<group>"; };
		4CE4DC362861589100E48E6F /* c.mp3 */ = {isa = PBXFileReference; lastKnownFileType = audio.mp3; path = c.mp3; sourceTree = "<group>"; };
		4CE4DC372861589100E48E6F /* y.mp3 */ = {isa = PBXFileReference; lastKnownFileType = audio.mp3; path = y.mp3; sourceTree = "<group>"; };
		4CE4DC382861589100E48E6F /* f.mp3 */ = {isa = PBXFileReference; lastKnownFileType = audio.mp3; path = f.mp3; sourceTree = "<group>"; };
		4CE4DC392861589100E48E6F /* m.mp3 */ = {isa = PBXFileReference; lastKnownFileType = audio.mp3; path = m.mp3; sourceTree = "<group>"; };
		4CE4DC3A2861589100E48E6F /* x.mp3 */ = {isa = PBXFileReference; lastKnownFileType = audio.mp3; path = x.mp3; sourceTree = "<group>"; };
		4CE4DC3B2861589100E48E6F /* b.mp3 */ = {isa = PBXFileReference; lastKnownFileType = audio.mp3; path = b.mp3; sourceTree = "<group>"; };
		4CE4DC3C2861589100E48E6F /* o.mp3 */ = {isa = PBXFileReference; lastKnownFileType = audio.mp3; path = o.mp3; sourceTree = "<group>"; };
		4CE4DC3D2861589100E48E6F /* z.mp3 */ = {isa = PBXFileReference; lastKnownFileType = audio.mp3; path = z.mp3; sourceTree = "<group>"; };
		4CE4DC3E2861589100E48E6F /* h.mp3 */ = {isa = PBXFileReference; lastKnownFileType = audio.mp3; path = h.mp3; sourceTree = "<group>"; };
		4CE4DC3F2861589100E48E6F /* v.mp3 */ = {isa = PBXFileReference; lastKnownFileType = audio.mp3; path = v.mp3; sourceTree = "<group>"; };
		4CE4DC402861589100E48E6F /* s.mp3 */ = {isa = PBXFileReference; lastKnownFileType = audio.mp3; path = s.mp3; sourceTree = "<group>"; };
		4CE4DC412861589100E48E6F /* j.mp3 */ = {isa = PBXFileReference; lastKnownFileType = audio.mp3; path = j.mp3; sourceTree = "<group>"; };
		4CE4DC5C28615DF400E48E6F /* SoundAssets.swift */ = {isa = PBXFileReference; lastKnownFileType = sourcecode.swift; path = SoundAssets.swift; sourceTree = "<group>"; };
		4CE4DC5E2861D85200E48E6F /* MainStoryLane.swift */ = {isa = PBXFileReference; lastKnownFileType = sourcecode.swift; path = MainStoryLane.swift; sourceTree = "<group>"; };
		4CE4DC612862181A00E48E6F /* MiniTwoStoryView.swift */ = {isa = PBXFileReference; lastKnownFileType = sourcecode.swift; path = MiniTwoStoryView.swift; sourceTree = "<group>"; };
		4CE4DC6328621E6C00E48E6F /* MiniThreeStoryView.swift */ = {isa = PBXFileReference; lastKnownFileType = sourcecode.swift; path = MiniThreeStoryView.swift; sourceTree = "<group>"; };
		4CE4DC652862214E00E48E6F /* MiniFourStoryView.swift */ = {isa = PBXFileReference; lastKnownFileType = sourcecode.swift; path = MiniFourStoryView.swift; sourceTree = "<group>"; };
		4CE4DC67286228CD00E48E6F /* StoryMiniEndView.swift */ = {isa = PBXFileReference; lastKnownFileType = sourcecode.swift; path = StoryMiniEndView.swift; sourceTree = "<group>"; };
		4CE4DC692862DBDD00E48E6F /* MiniStoryView.swift */ = {isa = PBXFileReference; lastKnownFileType = sourcecode.swift; path = MiniStoryView.swift; sourceTree = "<group>"; };
		4CE4DC6B28631AC600E48E6F /* NavButton.swift */ = {isa = PBXFileReference; lastKnownFileType = sourcecode.swift; path = NavButton.swift; sourceTree = "<group>"; };
		4CE4DC6D28631D1C00E48E6F /* MuteButton.swift */ = {isa = PBXFileReference; lastKnownFileType = sourcecode.swift; path = MuteButton.swift; sourceTree = "<group>"; };
		4CE4DC6F2863282A00E48E6F /* ReplayButton.swift */ = {isa = PBXFileReference; lastKnownFileType = sourcecode.swift; path = ReplayButton.swift; sourceTree = "<group>"; };
		4CE4DC712863306700E48E6F /* SceneWithCaptionViewModel.swift */ = {isa = PBXFileReference; lastKnownFileType = sourcecode.swift; path = SceneWithCaptionViewModel.swift; sourceTree = "<group>"; };
		6193D3A6DEE2BA4958453239 /* Pods-Foneta.debug.xcconfig */ = {isa = PBXFileReference; includeInIndex = 1; lastKnownFileType = text.xcconfig; name = "Pods-Foneta.debug.xcconfig"; path = "Target Support Files/Pods-Foneta/Pods-Foneta.debug.xcconfig"; sourceTree = "<group>"; };
		64DEECF0D85F64B052B35B86 /* Pods-Foneta.release.xcconfig */ = {isa = PBXFileReference; includeInIndex = 1; lastKnownFileType = text.xcconfig; name = "Pods-Foneta.release.xcconfig"; path = "Target Support Files/Pods-Foneta/Pods-Foneta.release.xcconfig"; sourceTree = "<group>"; };
		78DD2301FFE7ADCFF87D6775 /* Pods_Foneta.framework */ = {isa = PBXFileReference; explicitFileType = wrapper.framework; includeInIndex = 0; path = Pods_Foneta.framework; sourceTree = BUILT_PRODUCTS_DIR; };
		7B80923B70ABE2DC221E2180 /* Pods-FonetaTests.debug.xcconfig */ = {isa = PBXFileReference; includeInIndex = 1; lastKnownFileType = text.xcconfig; name = "Pods-FonetaTests.debug.xcconfig"; path = "Target Support Files/Pods-FonetaTests/Pods-FonetaTests.debug.xcconfig"; sourceTree = "<group>"; };
		8657C37D1432C05931982DFD /* Pods-FonetaTests.release.xcconfig */ = {isa = PBXFileReference; includeInIndex = 1; lastKnownFileType = text.xcconfig; name = "Pods-FonetaTests.release.xcconfig"; path = "Target Support Files/Pods-FonetaTests/Pods-FonetaTests.release.xcconfig"; sourceTree = "<group>"; };
		9980663035A79112A1663452 /* Pods-Foneta-FonetaUITests.release.xcconfig */ = {isa = PBXFileReference; includeInIndex = 1; lastKnownFileType = text.xcconfig; name = "Pods-Foneta-FonetaUITests.release.xcconfig"; path = "Target Support Files/Pods-Foneta-FonetaUITests/Pods-Foneta-FonetaUITests.release.xcconfig"; sourceTree = "<group>"; };
		BA8CD1D52A3658A544B34C9C /* Pods_Foneta_FonetaUITests.framework */ = {isa = PBXFileReference; explicitFileType = wrapper.framework; includeInIndex = 0; path = Pods_Foneta_FonetaUITests.framework; sourceTree = BUILT_PRODUCTS_DIR; };
		FD92DB01FD61FABF43FB5168 /* Pods_FonetaTests.framework */ = {isa = PBXFileReference; explicitFileType = wrapper.framework; includeInIndex = 0; path = Pods_FonetaTests.framework; sourceTree = BUILT_PRODUCTS_DIR; };
/* End PBXFileReference section */

/* Begin PBXFrameworksBuildPhase section */
		4C6628A8285097B400084711 /* Frameworks */ = {
			isa = PBXFrameworksBuildPhase;
			buildActionMask = 2147483647;
			files = (
				1E8A7E9F23CF2CC99EC3397C /* Pods_Foneta.framework in Frameworks */,
			);
			runOnlyForDeploymentPostprocessing = 0;
		};
		4C6628B8285097B500084711 /* Frameworks */ = {
			isa = PBXFrameworksBuildPhase;
			buildActionMask = 2147483647;
			files = (
				B53F8B2AEF6E2667CF969B90 /* Pods_FonetaTests.framework in Frameworks */,
			);
			runOnlyForDeploymentPostprocessing = 0;
		};
		4C6628C2285097B500084711 /* Frameworks */ = {
			isa = PBXFrameworksBuildPhase;
			buildActionMask = 2147483647;
			files = (
				FB49BDC11C1559BB66DE1BFC /* Pods_Foneta_FonetaUITests.framework in Frameworks */,
			);
			runOnlyForDeploymentPostprocessing = 0;
		};
/* End PBXFrameworksBuildPhase section */

/* Begin PBXGroup section */
		4C186EA589F0718FA6058FC4 /* Pods */ = {
			isa = PBXGroup;
			children = (
				6193D3A6DEE2BA4958453239 /* Pods-Foneta.debug.xcconfig */,
				64DEECF0D85F64B052B35B86 /* Pods-Foneta.release.xcconfig */,
				00614C3082AEECBA32C97C42 /* Pods-Foneta-FonetaUITests.debug.xcconfig */,
				9980663035A79112A1663452 /* Pods-Foneta-FonetaUITests.release.xcconfig */,
				7B80923B70ABE2DC221E2180 /* Pods-FonetaTests.debug.xcconfig */,
				8657C37D1432C05931982DFD /* Pods-FonetaTests.release.xcconfig */,
			);
			path = Pods;
			sourceTree = "<group>";
		};
		4C6628A2285097B400084711 = {
			isa = PBXGroup;
			children = (
				4C6628E22850A4F600084711 /* README.md */,
				4C6628AD285097B400084711 /* Foneta */,
				4C6628BE285097B500084711 /* FonetaTests */,
				4C6628C8285097B500084711 /* FonetaUITests */,
				4C6628AC285097B400084711 /* Products */,
				4C186EA589F0718FA6058FC4 /* Pods */,
				730B96DFFCB7D4DA83ACF6A2 /* Frameworks */,
			);
			sourceTree = "<group>";
		};
		4C6628AC285097B400084711 /* Products */ = {
			isa = PBXGroup;
			children = (
				4C6628AB285097B400084711 /* Foneta.app */,
				4C6628BB285097B500084711 /* FonetaTests.xctest */,
				4C6628C5285097B500084711 /* FonetaUITests.xctest */,
			);
			name = Products;
			sourceTree = "<group>";
		};
		4C6628AD285097B400084711 /* Foneta */ = {
			isa = PBXGroup;
			children = (
				4C66290C2850AB4D00084711 /* Info.plist */,
				4CE4DBE12861583700E48E6F /* Resources */,
				4C6628E42850A52C00084711 /* Themes */,
				4C6628DA285099CD00084711 /* Data */,
				4CE4DB98285AD4D500E48E6F /* Utilities */,
				4C6628D82850995400084711 /* UI */,
				4C6628B2285097B500084711 /* Assets.xcassets */,
				4C6628B4285097B500084711 /* Preview Content */,
			);
			path = Foneta;
			sourceTree = "<group>";
		};
		4C6628B4285097B500084711 /* Preview Content */ = {
			isa = PBXGroup;
			children = (
				4C6628B5285097B500084711 /* Preview Assets.xcassets */,
			);
			path = "Preview Content";
			sourceTree = "<group>";
		};
		4C6628BE285097B500084711 /* FonetaTests */ = {
			isa = PBXGroup;
			children = (
				4C6628BF285097B500084711 /* FonetaTests.swift */,
			);
			path = FonetaTests;
			sourceTree = "<group>";
		};
		4C6628C8285097B500084711 /* FonetaUITests */ = {
			isa = PBXGroup;
			children = (
				4C6628C9285097B500084711 /* FonetaUITests.swift */,
				4C6628CB285097B500084711 /* FonetaUITestsLaunchTests.swift */,
			);
			path = FonetaUITests;
			sourceTree = "<group>";
		};
		4C6628D82850995400084711 /* UI */ = {
			isa = PBXGroup;
			children = (
				4CE4DB97285AD49300E48E6F /* Components */,
				4CE4DB7E285ACC9700E48E6F /* Screen */,
				4C6628AE285097B400084711 /* FonetaApp.swift */,
				4C6628B0285097B400084711 /* ContentView.swift */,
			);
			path = UI;
			sourceTree = "<group>";
		};
		4C6628DA285099CD00084711 /* Data */ = {
			isa = PBXGroup;
			children = (
				4CE4DBA2285AD6E200E48E6F /* Content */,
				4CE4DB9B285AD5C500E48E6F /* Entities */,
				4CE4DB92285AD1FF00E48E6F /* UserDefaults */,
				4CE4DB79285ACB1A00E48E6F /* Model */,
			);
			path = Data;
			sourceTree = "<group>";
		};
		4C6628E42850A52C00084711 /* Themes */ = {
			isa = PBXGroup;
			children = (
				4C6628E62850A54900084711 /* Colors */,
				4C6628E52850A53100084711 /* Fonts */,
			);
			path = Themes;
			sourceTree = "<group>";
		};
		4C6628E52850A53100084711 /* Fonts */ = {
			isa = PBXGroup;
			children = (
				4CE4DB89285ACE4D00E48E6F /* OpenDyslexicAltA */,
				4C6628EE2850A67A00084711 /* Inter */,
				4C66290D2850ABB700084711 /* AppFont.swift */,
			);
			path = Fonts;
			sourceTree = "<group>";
		};
		4C6628E62850A54900084711 /* Colors */ = {
			isa = PBXGroup;
			children = (
				4C6628E72850A55100084711 /* AppColor.swift */,
			);
			path = Colors;
			sourceTree = "<group>";
		};
		4C6628EE2850A67A00084711 /* Inter */ = {
			isa = PBXGroup;
			children = (
				4C6628EF2850A67A00084711 /* Inter-VariableFont_slnt,wght.ttf */,
				4C6628F02850A67A00084711 /* static */,
			);
			path = Inter;
			sourceTree = "<group>";
		};
		4C6628F02850A67A00084711 /* static */ = {
			isa = PBXGroup;
			children = (
				4C6628F12850A67A00084711 /* Inter-Medium.ttf */,
				4C6628F22850A67A00084711 /* Inter-Light.ttf */,
				4C6628F32850A67A00084711 /* Inter-Thin.ttf */,
				4C6628F42850A67A00084711 /* Inter-Bold.ttf */,
				4C6628F52850A67A00084711 /* Inter-Regular.ttf */,
				4C6628F62850A67A00084711 /* Inter-ExtraBold.ttf */,
				4C6628F72850A67A00084711 /* Inter-ExtraLight.ttf */,
				4C6628F82850A67A00084711 /* Inter-Black.ttf */,
				4C6628F92850A67A00084711 /* Inter-SemiBold.ttf */,
			);
			path = static;
			sourceTree = "<group>";
		};
		4CE4DB79285ACB1A00E48E6F /* Model */ = {
			isa = PBXGroup;
			children = (
				4CE4DB7A285ACBA700E48E6F /* RMStageSession.swift */,
				4CE4DB7C285ACBC200E48E6F /* RMLevelSession.swift */,
			);
			path = Model;
			sourceTree = "<group>";
		};
		4CE4DB7E285ACC9700E48E6F /* Screen */ = {
			isa = PBXGroup;
			children = (
				4CE4DBC62860294000E48E6F /* Templates */,
				4CE4DB96285AD47F00E48E6F /* Stages */,
				4CE4DBD72860AD5B00E48E6F /* Story */,
				4CE4DB7F285ACCA300E48E6F /* Home */,
			);
			path = Screen;
			sourceTree = "<group>";
		};
		4CE4DB7F285ACCA300E48E6F /* Home */ = {
			isa = PBXGroup;
			children = (
				4C6628DD28509A2000084711 /* HomeView.swift */,
				4C6628DF28509A2C00084711 /* HomeViewModel.swift */,
				4CE4DBC828602A9200E48E6F /* InputNameOnboardView.swift */,
				4CE4DBCA28602B2800E48E6F /* WelcomeView.swift */,
			);
			path = Home;
			sourceTree = "<group>";
		};
		4CE4DB89285ACE4D00E48E6F /* OpenDyslexicAltA */ = {
			isa = PBXGroup;
			children = (
				4CE4DB8A285ACE4D00E48E6F /* OpenDyslexicAlta-BoldItalic.otf */,
				4CE4DB8B285ACE4D00E48E6F /* OpenDyslexicAlta-Regular.otf */,
				4CE4DBCE28607D8800E48E6F /* OpenDyslexicAlta-Bold.otf */,
				4CE4DB8D285ACE4D00E48E6F /* OpenDyslexicAlta-Italic.otf */,
			);
			path = OpenDyslexicAltA;
			sourceTree = "<group>";
		};
		4CE4DB92285AD1FF00E48E6F /* UserDefaults */ = {
			isa = PBXGroup;
			children = (
				4CE4DB93285AD27900E48E6F /* UserData.swift */,
			);
			path = UserDefaults;
			sourceTree = "<group>";
		};
		4CE4DB96285AD47F00E48E6F /* Stages */ = {
			isa = PBXGroup;
			children = (
				4CE4DBA0285AD67700E48E6F /* SampleStageView.swift */,
			);
			path = Stages;
			sourceTree = "<group>";
		};
		4CE4DB97285AD49300E48E6F /* Components */ = {
			isa = PBXGroup;
			children = (
				4CE4DBBD2860058400E48E6F /* Misc */,
				4CE4DBBA2860056700E48E6F /* Inputs */,
				4CE4DBB7285F0DD200E48E6F /* Button */,
			);
			path = Components;
			sourceTree = "<group>";
		};
		4CE4DB98285AD4D500E48E6F /* Utilities */ = {
			isa = PBXGroup;
			children = (
				4CE4DBA6285AD9AB00E48E6F /* SoundManager.swift */,
				4CE4DBA9285AD9F300E48E6F /* HapticManager.swift */,
				4CE4DBAB285ADA8B00E48E6F /* TextToSpeech.swift */,
			);
			path = Utilities;
			sourceTree = "<group>";
		};
		4CE4DB9B285AD5C500E48E6F /* Entities */ = {
			isa = PBXGroup;
			children = (
				4CE4DB9C285AD5DC00E48E6F /* LevelData.swift */,
				4CE4DB9E285AD60000E48E6F /* StageData.swift */,
			);
			path = Entities;
			sourceTree = "<group>";
		};
		4CE4DBA2285AD6E200E48E6F /* Content */ = {
			isa = PBXGroup;
			children = (
				4CE4DBA4285AD6FD00E48E6F /* LevelContent.swift */,
			);
			path = Content;
			sourceTree = "<group>";
		};
		4CE4DBB7285F0DD200E48E6F /* Button */ = {
			isa = PBXGroup;
			children = (
				4CE4DBB8285F0DE200E48E6F /* ThemedButton.swift */,
				4CE4DC6B28631AC600E48E6F /* NavButton.swift */,
				4CE4DC6D28631D1C00E48E6F /* MuteButton.swift */,
				4CE4DC6F2863282A00E48E6F /* ReplayButton.swift */,
			);
			path = Button;
			sourceTree = "<group>";
		};
		4CE4DBBA2860056700E48E6F /* Inputs */ = {
			isa = PBXGroup;
			children = (
				4CE4DBBB2860057400E48E6F /* TextBox.swift */,
			);
			path = Inputs;
			sourceTree = "<group>";
		};
		4CE4DBBD2860058400E48E6F /* Misc */ = {
			isa = PBXGroup;
			children = (
				4CE4DBBE2860059100E48E6F /* DialogBubble.swift */,
				4CE4DBC2286005F100E48E6F /* CaptionBox.swift */,
				4CE4DBC4286025D500E48E6F /* StrokeText.swift */,
			);
			path = Misc;
			sourceTree = "<group>";
		};
		4CE4DBC62860294000E48E6F /* Templates */ = {
			isa = PBXGroup;
			children = (
				4CE4DBDE2860BB2700E48E6F /* Story */,
				4CE4DB99285AD50500E48E6F /* LaneManager.swift */,
			);
			path = Templates;
			sourceTree = "<group>";
		};
		4CE4DBD72860AD5B00E48E6F /* Story */ = {
			isa = PBXGroup;
			children = (
				4CE4DC602861DFE500E48E6F /* StoryScreen */,
				4CE4DC5E2861D85200E48E6F /* MainStoryLane.swift */,
			);
			path = Story;
			sourceTree = "<group>";
		};
		4CE4DBDE2860BB2700E48E6F /* Story */ = {
			isa = PBXGroup;
			children = (
				4CE4DBC0286005CB00E48E6F /* CardPromptOverlay.swift */,
				4CE4DBDF2860BB5700E48E6F /* SceneWithCaptionView.swift */,
				4CE4DC67286228CD00E48E6F /* StoryMiniEndView.swift */,
				4CE4DC712863306700E48E6F /* SceneWithCaptionViewModel.swift */,
			);
			path = Story;
			sourceTree = "<group>";
		};
		4CE4DBE12861583700E48E6F /* Resources */ = {
			isa = PBXGroup;
			children = (
				4CE4DBE22861584000E48E6F /* Sounds */,
			);
			path = Resources;
			sourceTree = "<group>";
		};
		4CE4DBE22861584000E48E6F /* Sounds */ = {
			isa = PBXGroup;
			children = (
				4CE4DC272861588600E48E6F /* Abc */,
				4CE4DC262861587E00E48E6F /* Misc */,
				4CE4DBE32861585800E48E6F /* Story */,
				4CE4DC5C28615DF400E48E6F /* SoundAssets.swift */,
			);
			path = Sounds;
			sourceTree = "<group>";
		};
		4CE4DBE32861585800E48E6F /* Story */ = {
			isa = PBXGroup;
			children = (
				4CE4DBF42861586500E48E6F /* Screen 2.mp3 */,
				4CE4DBE92861586400E48E6F /* Screen 3 Kepi.mp3 */,
				4CE4DBF82861586500E48E6F /* Screen 3.mp3 */,
				4CE4DBED2861586500E48E6F /* Screen 4 Kepi.mp3 */,
				4CE4DBE82861586400E48E6F /* Screen 4 Minigame Start.mp3 */,
				4CE4DBE52861586400E48E6F /* Screen 4.mp3 */,
				4CE4DBEE2861586500E48E6F /* Screen 5 Minigame End Kepi.mp3 */,
				4CE4DBEB2861586400E48E6F /* Screen 5 Minigame End.mp3 */,
				4CE4DBE62861586400E48E6F /* Screen 6.mp3 */,
				4CE4DBFA2861586500E48E6F /* Screen 7 Minigame Start.mp3 */,
				4CE4DBFE2861586500E48E6F /* Screen 7 Neta.mp3 */,
				4CE4DBF12861586500E48E6F /* Screen 7.mp3 */,
				4CE4DBFD2861586500E48E6F /* Screen 8 Minigame 2.mp3 */,
				4CE4DBF62861586500E48E6F /* Screen 9 Minigame End Neta.mp3 */,
				4CE4DBFB2861586500E48E6F /* Screen 9 Minigame End.mp3 */,
				4CE4DBE72861586400E48E6F /* Screen 10 Neta.mp3 */,
				4CE4DBF32861586500E48E6F /* Screen 10.mp3 */,
				4CE4DBE42861586400E48E6F /* Screen 11.mp3 */,
				4CE4DBEF2861586500E48E6F /* Screen 12.mp3 */,
				4CE4DC002861586500E48E6F /* Screen 13 Minigame Start.mp3 */,
				4CE4DBF02861586500E48E6F /* Screen 14 Minigame 3.mp3 */,
				4CE4DBFC2861586500E48E6F /* Screen 15 Minigame End Neta.mp3 */,
				4CE4DBF92861586500E48E6F /* Screen 15 Minigame End.mp3 */,
				4CE4DBF72861586500E48E6F /* Screen 16 Neta.mp3 */,
				4CE4DBF22861586500E48E6F /* Screen 16.mp3 */,
				4CE4DBEC2861586500E48E6F /* Screen 17.mp3 */,
				4CE4DBFF2861586500E48E6F /* Screen 18.mp3 */,
				4CE4DBEA2861586400E48E6F /* Screen 19 Minigame Start.mp3 */,
				4CE4DBF52861586500E48E6F /* Screen 21 Minigame End.mp3 */,
			);
			path = Story;
			sourceTree = "<group>";
		};
		4CE4DC262861587E00E48E6F /* Misc */ = {
			isa = PBXGroup;
			children = (
				4CE4DC202861587300E48E6F /* 321.mp3 */,
				4CE4DC212861587300E48E6F /* Buka.mp3 */,
				4CE4DC1F2861587300E48E6F /* Selanjutnya.mp3 */,
				4CE4DC1E2861587300E48E6F /* Siap.mp3 */,
			);
			path = Misc;
			sourceTree = "<group>";
		};
		4CE4DC272861588600E48E6F /* Abc */ = {
			isa = PBXGroup;
			children = (
				4CE4DC322861589100E48E6F /* a.mp3 */,
				4CE4DC3B2861589100E48E6F /* b.mp3 */,
				4CE4DC362861589100E48E6F /* c.mp3 */,
				4CE4DC292861589100E48E6F /* d.mp3 */,
				4CE4DC2D2861589100E48E6F /* e.mp3 */,
				4CE4DC382861589100E48E6F /* f.mp3 */,
				4CE4DC2F2861589100E48E6F /* g.mp3 */,
				4CE4DC3E2861589100E48E6F /* h.mp3 */,
				4CE4DC352861589100E48E6F /* i.mp3 */,
				4CE4DC412861589100E48E6F /* j.mp3 */,
				4CE4DC2A2861589100E48E6F /* k.mp3 */,
				4CE4DC2E2861589100E48E6F /* l.mp3 */,
				4CE4DC392861589100E48E6F /* m.mp3 */,
				4CE4DC282861589000E48E6F /* n.mp3 */,
				4CE4DC3C2861589100E48E6F /* o.mp3 */,
				4CE4DC332861589100E48E6F /* p.mp3 */,
				4CE4DC2B2861589100E48E6F /* q.mp3 */,
				4CE4DC342861589100E48E6F /* r.mp3 */,
				4CE4DC402861589100E48E6F /* s.mp3 */,
				4CE4DC312861589100E48E6F /* t.mp3 */,
				4CE4DC2C2861589100E48E6F /* u.mp3 */,
				4CE4DC3F2861589100E48E6F /* v.mp3 */,
				4CE4DC302861589100E48E6F /* w.mp3 */,
				4CE4DC3A2861589100E48E6F /* x.mp3 */,
				4CE4DC372861589100E48E6F /* y.mp3 */,
				4CE4DC3D2861589100E48E6F /* z.mp3 */,
			);
			path = Abc;
			sourceTree = "<group>";
		};
		4CE4DC602861DFE500E48E6F /* StoryScreen */ = {
			isa = PBXGroup;
			children = (
				4CE4DBDC2860BAE800E48E6F /* MiniOneStoryView.swift */,
				4CE4DC612862181A00E48E6F /* MiniTwoStoryView.swift */,
				4CE4DC6328621E6C00E48E6F /* MiniThreeStoryView.swift */,
				4CE4DC652862214E00E48E6F /* MiniFourStoryView.swift */,
				4CE4DC692862DBDD00E48E6F /* MiniStoryView.swift */,
			);
			path = StoryScreen;
			sourceTree = "<group>";
		};
		730B96DFFCB7D4DA83ACF6A2 /* Frameworks */ = {
			isa = PBXGroup;
			children = (
				78DD2301FFE7ADCFF87D6775 /* Pods_Foneta.framework */,
				BA8CD1D52A3658A544B34C9C /* Pods_Foneta_FonetaUITests.framework */,
				FD92DB01FD61FABF43FB5168 /* Pods_FonetaTests.framework */,
			);
			name = Frameworks;
			sourceTree = "<group>";
		};
/* End PBXGroup section */

/* Begin PBXNativeTarget section */
		4C6628AA285097B400084711 /* Foneta */ = {
			isa = PBXNativeTarget;
			buildConfigurationList = 4C6628CF285097B500084711 /* Build configuration list for PBXNativeTarget "Foneta" */;
			buildPhases = (
				81410428F46C6D614CF45104 /* [CP] Check Pods Manifest.lock */,
				4C6628A7285097B400084711 /* Sources */,
				4C6628A8285097B400084711 /* Frameworks */,
				4C6628A9285097B400084711 /* Resources */,
				C0EB546F12A0F141D4B03AF4 /* [CP] Embed Pods Frameworks */,
			);
			buildRules = (
			);
			dependencies = (
			);
			name = Foneta;
			productName = Foneta;
			productReference = 4C6628AB285097B400084711 /* Foneta.app */;
			productType = "com.apple.product-type.application";
		};
		4C6628BA285097B500084711 /* FonetaTests */ = {
			isa = PBXNativeTarget;
			buildConfigurationList = 4C6628D2285097B500084711 /* Build configuration list for PBXNativeTarget "FonetaTests" */;
			buildPhases = (
				BDD2119F154819449F55D3BA /* [CP] Check Pods Manifest.lock */,
				4C6628B7285097B500084711 /* Sources */,
				4C6628B8285097B500084711 /* Frameworks */,
				4C6628B9285097B500084711 /* Resources */,
			);
			buildRules = (
			);
			dependencies = (
				4C6628BD285097B500084711 /* PBXTargetDependency */,
			);
			name = FonetaTests;
			productName = FonetaTests;
			productReference = 4C6628BB285097B500084711 /* FonetaTests.xctest */;
			productType = "com.apple.product-type.bundle.unit-test";
		};
		4C6628C4285097B500084711 /* FonetaUITests */ = {
			isa = PBXNativeTarget;
			buildConfigurationList = 4C6628D5285097B500084711 /* Build configuration list for PBXNativeTarget "FonetaUITests" */;
			buildPhases = (
				CD4A1CFDFE371632E57A16A6 /* [CP] Check Pods Manifest.lock */,
				4C6628C1285097B500084711 /* Sources */,
				4C6628C2285097B500084711 /* Frameworks */,
				4C6628C3285097B500084711 /* Resources */,
				08F68B89F9B46E62928BA313 /* [CP] Embed Pods Frameworks */,
			);
			buildRules = (
			);
			dependencies = (
				4C6628C7285097B500084711 /* PBXTargetDependency */,
			);
			name = FonetaUITests;
			productName = FonetaUITests;
			productReference = 4C6628C5285097B500084711 /* FonetaUITests.xctest */;
			productType = "com.apple.product-type.bundle.ui-testing";
		};
/* End PBXNativeTarget section */

/* Begin PBXProject section */
		4C6628A3285097B400084711 /* Project object */ = {
			isa = PBXProject;
			attributes = {
				BuildIndependentTargetsInParallel = 1;
				LastSwiftUpdateCheck = 1330;
				LastUpgradeCheck = 1330;
				TargetAttributes = {
					4C6628AA285097B400084711 = {
						CreatedOnToolsVersion = 13.3;
					};
					4C6628BA285097B500084711 = {
						CreatedOnToolsVersion = 13.3;
						TestTargetID = 4C6628AA285097B400084711;
					};
					4C6628C4285097B500084711 = {
						CreatedOnToolsVersion = 13.3;
						TestTargetID = 4C6628AA285097B400084711;
					};
				};
			};
			buildConfigurationList = 4C6628A6285097B400084711 /* Build configuration list for PBXProject "Foneta" */;
			compatibilityVersion = "Xcode 13.0";
			developmentRegion = en;
			hasScannedForEncodings = 0;
			knownRegions = (
				en,
				Base,
			);
			mainGroup = 4C6628A2285097B400084711;
			productRefGroup = 4C6628AC285097B400084711 /* Products */;
			projectDirPath = "";
			projectRoot = "";
			targets = (
				4C6628AA285097B400084711 /* Foneta */,
				4C6628BA285097B500084711 /* FonetaTests */,
				4C6628C4285097B500084711 /* FonetaUITests */,
			);
		};
/* End PBXProject section */

/* Begin PBXResourcesBuildPhase section */
		4C6628A9285097B400084711 /* Resources */ = {
			isa = PBXResourcesBuildPhase;
			buildActionMask = 2147483647;
			files = (
				4CE4DC73286346D600E48E6F /* OpenDyslexicAlta-Bold.otf in Resources */,
				4CE4DC472861589100E48E6F /* e.mp3 in Resources */,
				4CE4DB91285ACE4D00E48E6F /* OpenDyslexicAlta-Italic.otf in Resources */,
				4CE4DC132861586500E48E6F /* Screen 9 Minigame End Neta.mp3 in Resources */,
				4CE4DC122861586500E48E6F /* Screen 21 Minigame End.mp3 in Resources */,
				4CE4DC4D2861589100E48E6F /* p.mp3 in Resources */,
				4C6628E32850A4F600084711 /* README.md in Resources */,
				4CE4DC5A2861589100E48E6F /* s.mp3 in Resources */,
				4CE4DC0C2861586500E48E6F /* Screen 12.mp3 in Resources */,
				4CE4DC092861586500E48E6F /* Screen 17.mp3 in Resources */,
				4CE4DC052861586500E48E6F /* Screen 4 Minigame Start.mp3 in Resources */,
				4CE4DC142861586500E48E6F /* Screen 16 Neta.mp3 in Resources */,
				4CE4DC572861589100E48E6F /* z.mp3 in Resources */,
				4CE4DC532861589100E48E6F /* m.mp3 in Resources */,
				4C6628FF2850A67A00084711 /* Inter-Thin.ttf in Resources */,
				4CE4DC012861586500E48E6F /* Screen 11.mp3 in Resources */,
				4CE4DC252861587300E48E6F /* Buka.mp3 in Resources */,
				4CE4DC0B2861586500E48E6F /* Screen 5 Minigame End Kepi.mp3 in Resources */,
				4CE4DC232861587300E48E6F /* Selanjutnya.mp3 in Resources */,
				4CE4DC062861586500E48E6F /* Screen 3 Kepi.mp3 in Resources */,
				4CE4DC0E2861586500E48E6F /* Screen 7.mp3 in Resources */,
				4CE4DC552861589100E48E6F /* b.mp3 in Resources */,
				4CE4DC1B2861586500E48E6F /* Screen 7 Neta.mp3 in Resources */,
				4CE4DC562861589100E48E6F /* o.mp3 in Resources */,
				4CE4DB8E285ACE4D00E48E6F /* OpenDyslexicAlta-BoldItalic.otf in Resources */,
				4CE4DC1A2861586500E48E6F /* Screen 8 Minigame 2.mp3 in Resources */,
				4CE4DC192861586500E48E6F /* Screen 15 Minigame End Neta.mp3 in Resources */,
				4CE4DC152861586500E48E6F /* Screen 3.mp3 in Resources */,
				4C6629052850A67A00084711 /* Inter-SemiBold.ttf in Resources */,
				4CE4DC102861586500E48E6F /* Screen 10.mp3 in Resources */,
				4CE4DC022861586500E48E6F /* Screen 4.mp3 in Resources */,
				4CE4DC5B2861589100E48E6F /* j.mp3 in Resources */,
				4CE4DC512861589100E48E6F /* y.mp3 in Resources */,
				4CE4DC222861587300E48E6F /* Siap.mp3 in Resources */,
				4CE4DC0D2861586500E48E6F /* Screen 14 Minigame 3.mp3 in Resources */,
				4CE4DC0A2861586500E48E6F /* Screen 4 Kepi.mp3 in Resources */,
				4CE4DC172861586500E48E6F /* Screen 7 Minigame Start.mp3 in Resources */,
				4CE4DC432861589100E48E6F /* d.mp3 in Resources */,
				4CE4DC4F2861589100E48E6F /* i.mp3 in Resources */,
				4CE4DC1C2861586500E48E6F /* Screen 18.mp3 in Resources */,
				4CE4DC522861589100E48E6F /* f.mp3 in Resources */,
				4CE4DC242861587300E48E6F /* 321.mp3 in Resources */,
				4CE4DC462861589100E48E6F /* u.mp3 in Resources */,
				4CE4DC442861589100E48E6F /* k.mp3 in Resources */,
				4C6628FE2850A67A00084711 /* Inter-Light.ttf in Resources */,
				4CE4DC082861586500E48E6F /* Screen 5 Minigame End.mp3 in Resources */,
				4C6629032850A67A00084711 /* Inter-ExtraLight.ttf in Resources */,
				4CE4DC502861589100E48E6F /* c.mp3 in Resources */,
				4CE4DB8F285ACE4D00E48E6F /* OpenDyslexicAlta-Regular.otf in Resources */,
				4C6628B6285097B500084711 /* Preview Assets.xcassets in Resources */,
				4CE4DC1D2861586500E48E6F /* Screen 13 Minigame Start.mp3 in Resources */,
				4CE4DC482861589100E48E6F /* l.mp3 in Resources */,
				4CE4DC592861589100E48E6F /* v.mp3 in Resources */,
				4C6629002850A67A00084711 /* Inter-Bold.ttf in Resources */,
				4CE4DC542861589100E48E6F /* x.mp3 in Resources */,
				4CE4DC582861589100E48E6F /* h.mp3 in Resources */,
				4C6628FD2850A67A00084711 /* Inter-Medium.ttf in Resources */,
				4CE4DC422861589100E48E6F /* n.mp3 in Resources */,
				4CE4DC042861586500E48E6F /* Screen 10 Neta.mp3 in Resources */,
				4C6629012850A67A00084711 /* Inter-Regular.ttf in Resources */,
				4CE4DC452861589100E48E6F /* q.mp3 in Resources */,
				4CE4DC4A2861589100E48E6F /* w.mp3 in Resources */,
				4CE4DC182861586500E48E6F /* Screen 9 Minigame End.mp3 in Resources */,
				4CE4DC4C2861589100E48E6F /* a.mp3 in Resources */,
				4CE4DC072861586500E48E6F /* Screen 19 Minigame Start.mp3 in Resources */,
				4CE4DC492861589100E48E6F /* g.mp3 in Resources */,
				4CE4DC4B2861589100E48E6F /* t.mp3 in Resources */,
				4C6628FC2850A67A00084711 /* Inter-VariableFont_slnt,wght.ttf in Resources */,
				4CE4DC112861586500E48E6F /* Screen 2.mp3 in Resources */,
				4C6628B3285097B500084711 /* Assets.xcassets in Resources */,
				4C6629022850A67A00084711 /* Inter-ExtraBold.ttf in Resources */,
				4CE4DC162861586500E48E6F /* Screen 15 Minigame End.mp3 in Resources */,
				4CE4DC032861586500E48E6F /* Screen 6.mp3 in Resources */,
				4CE4DC0F2861586500E48E6F /* Screen 16.mp3 in Resources */,
				4C6629042850A67A00084711 /* Inter-Black.ttf in Resources */,
				4CE4DC4E2861589100E48E6F /* r.mp3 in Resources */,
			);
			runOnlyForDeploymentPostprocessing = 0;
		};
		4C6628B9285097B500084711 /* Resources */ = {
			isa = PBXResourcesBuildPhase;
			buildActionMask = 2147483647;
			files = (
			);
			runOnlyForDeploymentPostprocessing = 0;
		};
		4C6628C3285097B500084711 /* Resources */ = {
			isa = PBXResourcesBuildPhase;
			buildActionMask = 2147483647;
			files = (
			);
			runOnlyForDeploymentPostprocessing = 0;
		};
/* End PBXResourcesBuildPhase section */

/* Begin PBXShellScriptBuildPhase section */
		08F68B89F9B46E62928BA313 /* [CP] Embed Pods Frameworks */ = {
			isa = PBXShellScriptBuildPhase;
			buildActionMask = 2147483647;
			files = (
			);
			inputFileListPaths = (
				"${PODS_ROOT}/Target Support Files/Pods-Foneta-FonetaUITests/Pods-Foneta-FonetaUITests-frameworks-${CONFIGURATION}-input-files.xcfilelist",
			);
			name = "[CP] Embed Pods Frameworks";
			outputFileListPaths = (
				"${PODS_ROOT}/Target Support Files/Pods-Foneta-FonetaUITests/Pods-Foneta-FonetaUITests-frameworks-${CONFIGURATION}-output-files.xcfilelist",
			);
			runOnlyForDeploymentPostprocessing = 0;
			shellPath = /bin/sh;
			shellScript = "\"${PODS_ROOT}/Target Support Files/Pods-Foneta-FonetaUITests/Pods-Foneta-FonetaUITests-frameworks.sh\"\n";
			showEnvVarsInLog = 0;
		};
		81410428F46C6D614CF45104 /* [CP] Check Pods Manifest.lock */ = {
			isa = PBXShellScriptBuildPhase;
			buildActionMask = 2147483647;
			files = (
			);
			inputFileListPaths = (
			);
			inputPaths = (
				"${PODS_PODFILE_DIR_PATH}/Podfile.lock",
				"${PODS_ROOT}/Manifest.lock",
			);
			name = "[CP] Check Pods Manifest.lock";
			outputFileListPaths = (
			);
			outputPaths = (
				"$(DERIVED_FILE_DIR)/Pods-Foneta-checkManifestLockResult.txt",
			);
			runOnlyForDeploymentPostprocessing = 0;
			shellPath = /bin/sh;
			shellScript = "diff \"${PODS_PODFILE_DIR_PATH}/Podfile.lock\" \"${PODS_ROOT}/Manifest.lock\" > /dev/null\nif [ $? != 0 ] ; then\n    # print error to STDERR\n    echo \"error: The sandbox is not in sync with the Podfile.lock. Run 'pod install' or update your CocoaPods installation.\" >&2\n    exit 1\nfi\n# This output is used by Xcode 'outputs' to avoid re-running this script phase.\necho \"SUCCESS\" > \"${SCRIPT_OUTPUT_FILE_0}\"\n";
			showEnvVarsInLog = 0;
		};
		BDD2119F154819449F55D3BA /* [CP] Check Pods Manifest.lock */ = {
			isa = PBXShellScriptBuildPhase;
			buildActionMask = 2147483647;
			files = (
			);
			inputFileListPaths = (
			);
			inputPaths = (
				"${PODS_PODFILE_DIR_PATH}/Podfile.lock",
				"${PODS_ROOT}/Manifest.lock",
			);
			name = "[CP] Check Pods Manifest.lock";
			outputFileListPaths = (
			);
			outputPaths = (
				"$(DERIVED_FILE_DIR)/Pods-FonetaTests-checkManifestLockResult.txt",
			);
			runOnlyForDeploymentPostprocessing = 0;
			shellPath = /bin/sh;
			shellScript = "diff \"${PODS_PODFILE_DIR_PATH}/Podfile.lock\" \"${PODS_ROOT}/Manifest.lock\" > /dev/null\nif [ $? != 0 ] ; then\n    # print error to STDERR\n    echo \"error: The sandbox is not in sync with the Podfile.lock. Run 'pod install' or update your CocoaPods installation.\" >&2\n    exit 1\nfi\n# This output is used by Xcode 'outputs' to avoid re-running this script phase.\necho \"SUCCESS\" > \"${SCRIPT_OUTPUT_FILE_0}\"\n";
			showEnvVarsInLog = 0;
		};
		C0EB546F12A0F141D4B03AF4 /* [CP] Embed Pods Frameworks */ = {
			isa = PBXShellScriptBuildPhase;
			buildActionMask = 2147483647;
			files = (
			);
			inputFileListPaths = (
				"${PODS_ROOT}/Target Support Files/Pods-Foneta/Pods-Foneta-frameworks-${CONFIGURATION}-input-files.xcfilelist",
			);
			name = "[CP] Embed Pods Frameworks";
			outputFileListPaths = (
				"${PODS_ROOT}/Target Support Files/Pods-Foneta/Pods-Foneta-frameworks-${CONFIGURATION}-output-files.xcfilelist",
			);
			runOnlyForDeploymentPostprocessing = 0;
			shellPath = /bin/sh;
			shellScript = "\"${PODS_ROOT}/Target Support Files/Pods-Foneta/Pods-Foneta-frameworks.sh\"\n";
			showEnvVarsInLog = 0;
		};
		CD4A1CFDFE371632E57A16A6 /* [CP] Check Pods Manifest.lock */ = {
			isa = PBXShellScriptBuildPhase;
			buildActionMask = 2147483647;
			files = (
			);
			inputFileListPaths = (
			);
			inputPaths = (
				"${PODS_PODFILE_DIR_PATH}/Podfile.lock",
				"${PODS_ROOT}/Manifest.lock",
			);
			name = "[CP] Check Pods Manifest.lock";
			outputFileListPaths = (
			);
			outputPaths = (
				"$(DERIVED_FILE_DIR)/Pods-Foneta-FonetaUITests-checkManifestLockResult.txt",
			);
			runOnlyForDeploymentPostprocessing = 0;
			shellPath = /bin/sh;
			shellScript = "diff \"${PODS_PODFILE_DIR_PATH}/Podfile.lock\" \"${PODS_ROOT}/Manifest.lock\" > /dev/null\nif [ $? != 0 ] ; then\n    # print error to STDERR\n    echo \"error: The sandbox is not in sync with the Podfile.lock. Run 'pod install' or update your CocoaPods installation.\" >&2\n    exit 1\nfi\n# This output is used by Xcode 'outputs' to avoid re-running this script phase.\necho \"SUCCESS\" > \"${SCRIPT_OUTPUT_FILE_0}\"\n";
			showEnvVarsInLog = 0;
		};
/* End PBXShellScriptBuildPhase section */

/* Begin PBXSourcesBuildPhase section */
		4C6628A7285097B400084711 /* Sources */ = {
			isa = PBXSourcesBuildPhase;
			buildActionMask = 2147483647;
			files = (
				4CE4DBC5286025D500E48E6F /* StrokeText.swift in Sources */,
				4CE4DBE02860BB5700E48E6F /* SceneWithCaptionView.swift in Sources */,
				4CE4DBDD2860BAE800E48E6F /* MiniOneStoryView.swift in Sources */,
				4CE4DB9F285AD60000E48E6F /* StageData.swift in Sources */,
				4C66290E2850ABB700084711 /* AppFont.swift in Sources */,
				4CE4DC662862214E00E48E6F /* MiniFourStoryView.swift in Sources */,
				4CE4DC6E28631D1C00E48E6F /* MuteButton.swift in Sources */,
				4CE4DBAA285AD9F300E48E6F /* HapticManager.swift in Sources */,
				4C6628DE28509A2000084711 /* HomeView.swift in Sources */,
				4CE4DB7D285ACBC200E48E6F /* RMLevelSession.swift in Sources */,
				4CE4DC702863282B00E48E6F /* ReplayButton.swift in Sources */,
				4C6628E82850A55100084711 /* AppColor.swift in Sources */,
				4CE4DC622862181A00E48E6F /* MiniTwoStoryView.swift in Sources */,
				4CE4DB7B285ACBA700E48E6F /* RMStageSession.swift in Sources */,
				4CE4DC5D28615DF400E48E6F /* SoundAssets.swift in Sources */,
				4CE4DC68286228CD00E48E6F /* StoryMiniEndView.swift in Sources */,
				4C6628B1285097B400084711 /* ContentView.swift in Sources */,
				4CE4DB9A285AD50500E48E6F /* LaneManager.swift in Sources */,
				4CE4DBA5285AD6FD00E48E6F /* LevelContent.swift in Sources */,
				4CE4DBA1285AD67700E48E6F /* SampleStageView.swift in Sources */,
				4CE4DB9D285AD5DC00E48E6F /* LevelData.swift in Sources */,
				4CE4DC5F2861D85200E48E6F /* MainStoryLane.swift in Sources */,
				4CE4DC722863306700E48E6F /* SceneWithCaptionViewModel.swift in Sources */,
				4C6628AF285097B400084711 /* FonetaApp.swift in Sources */,
				4CE4DC6428621E6C00E48E6F /* MiniThreeStoryView.swift in Sources */,
				4CE4DBC928602A9200E48E6F /* InputNameOnboardView.swift in Sources */,
				4C6628E028509A2C00084711 /* HomeViewModel.swift in Sources */,
				4CE4DBC1286005CB00E48E6F /* CardPromptOverlay.swift in Sources */,
				4CE4DBBC2860057400E48E6F /* TextBox.swift in Sources */,
				4CE4DBC3286005F100E48E6F /* CaptionBox.swift in Sources */,
				4CE4DC6A2862DBDD00E48E6F /* MiniStoryView.swift in Sources */,
				4CE4DB94285AD27900E48E6F /* UserData.swift in Sources */,
				4CE4DBCB28602B2800E48E6F /* WelcomeView.swift in Sources */,
				4CE4DBA7285AD9AB00E48E6F /* SoundManager.swift in Sources */,
				4CE4DBB9285F0DE200E48E6F /* ThemedButton.swift in Sources */,
				4CE4DBAC285ADA8B00E48E6F /* TextToSpeech.swift in Sources */,
				4CE4DBBF2860059100E48E6F /* DialogBubble.swift in Sources */,
				4CE4DC6C28631AC600E48E6F /* NavButton.swift in Sources */,
			);
			runOnlyForDeploymentPostprocessing = 0;
		};
		4C6628B7285097B500084711 /* Sources */ = {
			isa = PBXSourcesBuildPhase;
			buildActionMask = 2147483647;
			files = (
				4C6628C0285097B500084711 /* FonetaTests.swift in Sources */,
			);
			runOnlyForDeploymentPostprocessing = 0;
		};
		4C6628C1285097B500084711 /* Sources */ = {
			isa = PBXSourcesBuildPhase;
			buildActionMask = 2147483647;
			files = (
				4C6628CA285097B500084711 /* FonetaUITests.swift in Sources */,
				4C6628CC285097B500084711 /* FonetaUITestsLaunchTests.swift in Sources */,
			);
			runOnlyForDeploymentPostprocessing = 0;
		};
/* End PBXSourcesBuildPhase section */

/* Begin PBXTargetDependency section */
		4C6628BD285097B500084711 /* PBXTargetDependency */ = {
			isa = PBXTargetDependency;
			target = 4C6628AA285097B400084711 /* Foneta */;
			targetProxy = 4C6628BC285097B500084711 /* PBXContainerItemProxy */;
		};
		4C6628C7285097B500084711 /* PBXTargetDependency */ = {
			isa = PBXTargetDependency;
			target = 4C6628AA285097B400084711 /* Foneta */;
			targetProxy = 4C6628C6285097B500084711 /* PBXContainerItemProxy */;
		};
/* End PBXTargetDependency section */

/* Begin XCBuildConfiguration section */
		4C6628CD285097B500084711 /* Debug */ = {
			isa = XCBuildConfiguration;
			buildSettings = {
				ALWAYS_SEARCH_USER_PATHS = NO;
				CLANG_ANALYZER_NONNULL = YES;
				CLANG_ANALYZER_NUMBER_OBJECT_CONVERSION = YES_AGGRESSIVE;
				CLANG_CXX_LANGUAGE_STANDARD = "gnu++17";
				CLANG_ENABLE_MODULES = YES;
				CLANG_ENABLE_OBJC_ARC = YES;
				CLANG_ENABLE_OBJC_WEAK = YES;
				CLANG_WARN_BLOCK_CAPTURE_AUTORELEASING = YES;
				CLANG_WARN_BOOL_CONVERSION = YES;
				CLANG_WARN_COMMA = YES;
				CLANG_WARN_CONSTANT_CONVERSION = YES;
				CLANG_WARN_DEPRECATED_OBJC_IMPLEMENTATIONS = YES;
				CLANG_WARN_DIRECT_OBJC_ISA_USAGE = YES_ERROR;
				CLANG_WARN_DOCUMENTATION_COMMENTS = YES;
				CLANG_WARN_EMPTY_BODY = YES;
				CLANG_WARN_ENUM_CONVERSION = YES;
				CLANG_WARN_INFINITE_RECURSION = YES;
				CLANG_WARN_INT_CONVERSION = YES;
				CLANG_WARN_NON_LITERAL_NULL_CONVERSION = YES;
				CLANG_WARN_OBJC_IMPLICIT_RETAIN_SELF = YES;
				CLANG_WARN_OBJC_LITERAL_CONVERSION = YES;
				CLANG_WARN_OBJC_ROOT_CLASS = YES_ERROR;
				CLANG_WARN_QUOTED_INCLUDE_IN_FRAMEWORK_HEADER = YES;
				CLANG_WARN_RANGE_LOOP_ANALYSIS = YES;
				CLANG_WARN_STRICT_PROTOTYPES = YES;
				CLANG_WARN_SUSPICIOUS_MOVE = YES;
				CLANG_WARN_UNGUARDED_AVAILABILITY = YES_AGGRESSIVE;
				CLANG_WARN_UNREACHABLE_CODE = YES;
				CLANG_WARN__DUPLICATE_METHOD_MATCH = YES;
				COPY_PHASE_STRIP = NO;
				DEBUG_INFORMATION_FORMAT = dwarf;
				ENABLE_STRICT_OBJC_MSGSEND = YES;
				ENABLE_TESTABILITY = YES;
				GCC_C_LANGUAGE_STANDARD = gnu11;
				GCC_DYNAMIC_NO_PIC = NO;
				GCC_NO_COMMON_BLOCKS = YES;
				GCC_OPTIMIZATION_LEVEL = 0;
				GCC_PREPROCESSOR_DEFINITIONS = (
					"DEBUG=1",
					"$(inherited)",
				);
				GCC_WARN_64_TO_32_BIT_CONVERSION = YES;
				GCC_WARN_ABOUT_RETURN_TYPE = YES_ERROR;
				GCC_WARN_UNDECLARED_SELECTOR = YES;
				GCC_WARN_UNINITIALIZED_AUTOS = YES_AGGRESSIVE;
				GCC_WARN_UNUSED_FUNCTION = YES;
				GCC_WARN_UNUSED_VARIABLE = YES;
				IPHONEOS_DEPLOYMENT_TARGET = 15.0;
				MTL_ENABLE_DEBUG_INFO = INCLUDE_SOURCE;
				MTL_FAST_MATH = YES;
				ONLY_ACTIVE_ARCH = YES;
				SDKROOT = iphoneos;
				SWIFT_ACTIVE_COMPILATION_CONDITIONS = DEBUG;
				SWIFT_OPTIMIZATION_LEVEL = "-Onone";
			};
			name = Debug;
		};
		4C6628CE285097B500084711 /* Release */ = {
			isa = XCBuildConfiguration;
			buildSettings = {
				ALWAYS_SEARCH_USER_PATHS = NO;
				CLANG_ANALYZER_NONNULL = YES;
				CLANG_ANALYZER_NUMBER_OBJECT_CONVERSION = YES_AGGRESSIVE;
				CLANG_CXX_LANGUAGE_STANDARD = "gnu++17";
				CLANG_ENABLE_MODULES = YES;
				CLANG_ENABLE_OBJC_ARC = YES;
				CLANG_ENABLE_OBJC_WEAK = YES;
				CLANG_WARN_BLOCK_CAPTURE_AUTORELEASING = YES;
				CLANG_WARN_BOOL_CONVERSION = YES;
				CLANG_WARN_COMMA = YES;
				CLANG_WARN_CONSTANT_CONVERSION = YES;
				CLANG_WARN_DEPRECATED_OBJC_IMPLEMENTATIONS = YES;
				CLANG_WARN_DIRECT_OBJC_ISA_USAGE = YES_ERROR;
				CLANG_WARN_DOCUMENTATION_COMMENTS = YES;
				CLANG_WARN_EMPTY_BODY = YES;
				CLANG_WARN_ENUM_CONVERSION = YES;
				CLANG_WARN_INFINITE_RECURSION = YES;
				CLANG_WARN_INT_CONVERSION = YES;
				CLANG_WARN_NON_LITERAL_NULL_CONVERSION = YES;
				CLANG_WARN_OBJC_IMPLICIT_RETAIN_SELF = YES;
				CLANG_WARN_OBJC_LITERAL_CONVERSION = YES;
				CLANG_WARN_OBJC_ROOT_CLASS = YES_ERROR;
				CLANG_WARN_QUOTED_INCLUDE_IN_FRAMEWORK_HEADER = YES;
				CLANG_WARN_RANGE_LOOP_ANALYSIS = YES;
				CLANG_WARN_STRICT_PROTOTYPES = YES;
				CLANG_WARN_SUSPICIOUS_MOVE = YES;
				CLANG_WARN_UNGUARDED_AVAILABILITY = YES_AGGRESSIVE;
				CLANG_WARN_UNREACHABLE_CODE = YES;
				CLANG_WARN__DUPLICATE_METHOD_MATCH = YES;
				COPY_PHASE_STRIP = NO;
				DEBUG_INFORMATION_FORMAT = "dwarf-with-dsym";
				ENABLE_NS_ASSERTIONS = NO;
				ENABLE_STRICT_OBJC_MSGSEND = YES;
				GCC_C_LANGUAGE_STANDARD = gnu11;
				GCC_NO_COMMON_BLOCKS = YES;
				GCC_WARN_64_TO_32_BIT_CONVERSION = YES;
				GCC_WARN_ABOUT_RETURN_TYPE = YES_ERROR;
				GCC_WARN_UNDECLARED_SELECTOR = YES;
				GCC_WARN_UNINITIALIZED_AUTOS = YES_AGGRESSIVE;
				GCC_WARN_UNUSED_FUNCTION = YES;
				GCC_WARN_UNUSED_VARIABLE = YES;
				IPHONEOS_DEPLOYMENT_TARGET = 15.0;
				MTL_ENABLE_DEBUG_INFO = NO;
				MTL_FAST_MATH = YES;
				SDKROOT = iphoneos;
				SWIFT_COMPILATION_MODE = wholemodule;
				SWIFT_OPTIMIZATION_LEVEL = "-O";
				VALIDATE_PRODUCT = YES;
			};
			name = Release;
		};
		4C6628D0285097B500084711 /* Debug */ = {
			isa = XCBuildConfiguration;
			baseConfigurationReference = 6193D3A6DEE2BA4958453239 /* Pods-Foneta.debug.xcconfig */;
			buildSettings = {
				ASSETCATALOG_COMPILER_APPICON_NAME = AppIcon;
				ASSETCATALOG_COMPILER_GLOBAL_ACCENT_COLOR_NAME = AccentColor;
				CODE_SIGN_STYLE = Automatic;
				CURRENT_PROJECT_VERSION = 1;
				DEVELOPMENT_ASSET_PATHS = "\"Foneta/Preview Content\"";
				DEVELOPMENT_TEAM = GXV96JYG87;
				ENABLE_PREVIEWS = YES;
				GENERATE_INFOPLIST_FILE = YES;
				INFOPLIST_FILE = Foneta/Info.plist;
				INFOPLIST_KEY_UIApplicationSceneManifest_Generation = YES;
				INFOPLIST_KEY_UIApplicationSupportsIndirectInputEvents = YES;
				INFOPLIST_KEY_UILaunchScreen_Generation = YES;
				INFOPLIST_KEY_UIStatusBarHidden = YES;
				INFOPLIST_KEY_UISupportedInterfaceOrientations = "UIInterfaceOrientationLandscapeLeft UIInterfaceOrientationLandscapeRight";
				INFOPLIST_KEY_UISupportedInterfaceOrientations_iPad = "UIInterfaceOrientationLandscapeLeft UIInterfaceOrientationLandscapeRight";
				INFOPLIST_KEY_UISupportedInterfaceOrientations_iPhone = "UIInterfaceOrientationLandscapeLeft UIInterfaceOrientationLandscapeRight";
				LD_RUNPATH_SEARCH_PATHS = (
					"$(inherited)",
					"@executable_path/Frameworks",
				);
				MARKETING_VERSION = 0.1;
				PRODUCT_BUNDLE_IDENTIFIER = com.team16.foneta;
				PRODUCT_NAME = "$(TARGET_NAME)";
				SWIFT_EMIT_LOC_STRINGS = YES;
				SWIFT_VERSION = 5.0;
				TARGETED_DEVICE_FAMILY = "1,2";
			};
			name = Debug;
		};
		4C6628D1285097B500084711 /* Release */ = {
			isa = XCBuildConfiguration;
			baseConfigurationReference = 64DEECF0D85F64B052B35B86 /* Pods-Foneta.release.xcconfig */;
			buildSettings = {
				ASSETCATALOG_COMPILER_APPICON_NAME = AppIcon;
				ASSETCATALOG_COMPILER_GLOBAL_ACCENT_COLOR_NAME = AccentColor;
				CODE_SIGN_STYLE = Automatic;
				CURRENT_PROJECT_VERSION = 1;
				DEVELOPMENT_ASSET_PATHS = "\"Foneta/Preview Content\"";
				DEVELOPMENT_TEAM = GXV96JYG87;
				ENABLE_PREVIEWS = YES;
				GENERATE_INFOPLIST_FILE = YES;
				INFOPLIST_FILE = Foneta/Info.plist;
				INFOPLIST_KEY_UIApplicationSceneManifest_Generation = YES;
				INFOPLIST_KEY_UIApplicationSupportsIndirectInputEvents = YES;
				INFOPLIST_KEY_UILaunchScreen_Generation = YES;
				INFOPLIST_KEY_UIStatusBarHidden = YES;
				INFOPLIST_KEY_UISupportedInterfaceOrientations = "UIInterfaceOrientationLandscapeLeft UIInterfaceOrientationLandscapeRight";
				INFOPLIST_KEY_UISupportedInterfaceOrientations_iPad = "UIInterfaceOrientationLandscapeLeft UIInterfaceOrientationLandscapeRight";
				INFOPLIST_KEY_UISupportedInterfaceOrientations_iPhone = "UIInterfaceOrientationLandscapeLeft UIInterfaceOrientationLandscapeRight";
				LD_RUNPATH_SEARCH_PATHS = (
					"$(inherited)",
					"@executable_path/Frameworks",
				);
				MARKETING_VERSION = 0.1;
				PRODUCT_BUNDLE_IDENTIFIER = com.team16.foneta;
				PRODUCT_NAME = "$(TARGET_NAME)";
				SWIFT_EMIT_LOC_STRINGS = YES;
				SWIFT_VERSION = 5.0;
				TARGETED_DEVICE_FAMILY = "1,2";
			};
			name = Release;
		};
		4C6628D3285097B500084711 /* Debug */ = {
			isa = XCBuildConfiguration;
			baseConfigurationReference = 7B80923B70ABE2DC221E2180 /* Pods-FonetaTests.debug.xcconfig */;
			buildSettings = {
				ALWAYS_EMBED_SWIFT_STANDARD_LIBRARIES = "$(inherited)";
				BUNDLE_LOADER = "$(TEST_HOST)";
				CODE_SIGN_STYLE = Automatic;
				CURRENT_PROJECT_VERSION = 1;
				DEVELOPMENT_TEAM = GXV96JYG87;
				GENERATE_INFOPLIST_FILE = YES;
				IPHONEOS_DEPLOYMENT_TARGET = 15.0;
				MARKETING_VERSION = 1.0;
				PRODUCT_BUNDLE_IDENTIFIER = com.team16.foneta.FonetaTests;
				PRODUCT_NAME = "$(TARGET_NAME)";
				SWIFT_EMIT_LOC_STRINGS = NO;
				SWIFT_VERSION = 5.0;
				TARGETED_DEVICE_FAMILY = "1,2";
				TEST_HOST = "$(BUILT_PRODUCTS_DIR)/Foneta.app/Foneta";
			};
			name = Debug;
		};
		4C6628D4285097B500084711 /* Release */ = {
			isa = XCBuildConfiguration;
			baseConfigurationReference = 8657C37D1432C05931982DFD /* Pods-FonetaTests.release.xcconfig */;
			buildSettings = {
				ALWAYS_EMBED_SWIFT_STANDARD_LIBRARIES = "$(inherited)";
				BUNDLE_LOADER = "$(TEST_HOST)";
				CODE_SIGN_STYLE = Automatic;
				CURRENT_PROJECT_VERSION = 1;
				DEVELOPMENT_TEAM = GXV96JYG87;
				GENERATE_INFOPLIST_FILE = YES;
				IPHONEOS_DEPLOYMENT_TARGET = 15.0;
				MARKETING_VERSION = 1.0;
				PRODUCT_BUNDLE_IDENTIFIER = com.team16.foneta.FonetaTests;
				PRODUCT_NAME = "$(TARGET_NAME)";
				SWIFT_EMIT_LOC_STRINGS = NO;
				SWIFT_VERSION = 5.0;
				TARGETED_DEVICE_FAMILY = "1,2";
				TEST_HOST = "$(BUILT_PRODUCTS_DIR)/Foneta.app/Foneta";
			};
			name = Release;
		};
		4C6628D6285097B500084711 /* Debug */ = {
			isa = XCBuildConfiguration;
			baseConfigurationReference = 00614C3082AEECBA32C97C42 /* Pods-Foneta-FonetaUITests.debug.xcconfig */;
			buildSettings = {
				ALWAYS_EMBED_SWIFT_STANDARD_LIBRARIES = "$(inherited)";
				CODE_SIGN_IDENTITY = "Apple Development";
				"CODE_SIGN_IDENTITY[sdk=macosx*]" = "Apple Development";
				CODE_SIGN_STYLE = Automatic;
				CURRENT_PROJECT_VERSION = 1;
				DEVELOPMENT_TEAM = GXV96JYG87;
				GENERATE_INFOPLIST_FILE = YES;
				MARKETING_VERSION = 1.0;
				PRODUCT_BUNDLE_IDENTIFIER = com.team16.foneta.FonetaUITests;
				PRODUCT_NAME = "$(TARGET_NAME)";
				PROVISIONING_PROFILE_SPECIFIER = "";
				"PROVISIONING_PROFILE_SPECIFIER[sdk=macosx*]" = "";
				SWIFT_EMIT_LOC_STRINGS = NO;
				SWIFT_VERSION = 5.0;
				TARGETED_DEVICE_FAMILY = "1,2";
				TEST_TARGET_NAME = Foneta;
			};
			name = Debug;
		};
		4C6628D7285097B500084711 /* Release */ = {
			isa = XCBuildConfiguration;
			baseConfigurationReference = 9980663035A79112A1663452 /* Pods-Foneta-FonetaUITests.release.xcconfig */;
			buildSettings = {
				ALWAYS_EMBED_SWIFT_STANDARD_LIBRARIES = "$(inherited)";
				CODE_SIGN_IDENTITY = "Apple Development";
				"CODE_SIGN_IDENTITY[sdk=macosx*]" = "Apple Development";
				CODE_SIGN_STYLE = Automatic;
				CURRENT_PROJECT_VERSION = 1;
				DEVELOPMENT_TEAM = GXV96JYG87;
				GENERATE_INFOPLIST_FILE = YES;
				MARKETING_VERSION = 1.0;
				PRODUCT_BUNDLE_IDENTIFIER = com.team16.foneta.FonetaUITests;
				PRODUCT_NAME = "$(TARGET_NAME)";
				PROVISIONING_PROFILE_SPECIFIER = "";
				"PROVISIONING_PROFILE_SPECIFIER[sdk=macosx*]" = "";
				SWIFT_EMIT_LOC_STRINGS = NO;
				SWIFT_VERSION = 5.0;
				TARGETED_DEVICE_FAMILY = "1,2";
				TEST_TARGET_NAME = Foneta;
			};
			name = Release;
		};
/* End XCBuildConfiguration section */

/* Begin XCConfigurationList section */
		4C6628A6285097B400084711 /* Build configuration list for PBXProject "Foneta" */ = {
			isa = XCConfigurationList;
			buildConfigurations = (
				4C6628CD285097B500084711 /* Debug */,
				4C6628CE285097B500084711 /* Release */,
			);
			defaultConfigurationIsVisible = 0;
			defaultConfigurationName = Release;
		};
		4C6628CF285097B500084711 /* Build configuration list for PBXNativeTarget "Foneta" */ = {
			isa = XCConfigurationList;
			buildConfigurations = (
				4C6628D0285097B500084711 /* Debug */,
				4C6628D1285097B500084711 /* Release */,
			);
			defaultConfigurationIsVisible = 0;
			defaultConfigurationName = Release;
		};
		4C6628D2285097B500084711 /* Build configuration list for PBXNativeTarget "FonetaTests" */ = {
			isa = XCConfigurationList;
			buildConfigurations = (
				4C6628D3285097B500084711 /* Debug */,
				4C6628D4285097B500084711 /* Release */,
			);
			defaultConfigurationIsVisible = 0;
			defaultConfigurationName = Release;
		};
		4C6628D5285097B500084711 /* Build configuration list for PBXNativeTarget "FonetaUITests" */ = {
			isa = XCConfigurationList;
			buildConfigurations = (
				4C6628D6285097B500084711 /* Debug */,
				4C6628D7285097B500084711 /* Release */,
			);
			defaultConfigurationIsVisible = 0;
			defaultConfigurationName = Release;
		};
/* End XCConfigurationList section */
	};
	rootObject = 4C6628A3285097B400084711 /* Project object */;
}
