// !$*UTF8*$!
{
	archiveVersion = 1;
	classes = {
	};
	objectVersion = 55;
	objects = {

/* Begin PBXBuildFile section */
		4C6628AF285097B400084711 /* FonetaApp.swift in Sources */ = {isa = PBXBuildFile; fileRef = 4C6628AE285097B400084711 /* FonetaApp.swift */; };
		4C6628B1285097B400084711 /* ContentView.swift in Sources */ = {isa = PBXBuildFile; fileRef = 4C6628B0285097B400084711 /* ContentView.swift */; };
		4C6628B3285097B500084711 /* Assets.xcassets in Resources */ = {isa = PBXBuildFile; fileRef = 4C6628B2285097B500084711 /* Assets.xcassets */; };
		4C6628B6285097B500084711 /* Preview Assets.xcassets in Resources */ = {isa = PBXBuildFile; fileRef = 4C6628B5285097B500084711 /* Preview Assets.xcassets */; };
		4C6628C0285097B500084711 /* FonetaTests.swift in Sources */ = {isa = PBXBuildFile; fileRef = 4C6628BF285097B500084711 /* FonetaTests.swift */; };
		4C6628CA285097B500084711 /* FonetaUITests.swift in Sources */ = {isa = PBXBuildFile; fileRef = 4C6628C9285097B500084711 /* FonetaUITests.swift */; };
		4C6628CC285097B500084711 /* FonetaUITestsLaunchTests.swift in Sources */ = {isa = PBXBuildFile; fileRef = 4C6628CB285097B500084711 /* FonetaUITestsLaunchTests.swift */; };
/* End PBXBuildFile section */

/* Begin PBXContainerItemProxy section */
		4C6628BC285097B500084711 /* PBXContainerItemProxy */ = {
			isa = PBXContainerItemProxy;
			containerPortal = 4C6628A3285097B400084711 /* Project object */;
			proxyType = 1;
			remoteGlobalIDString = 4C6628AA285097B400084711;
			remoteInfo = Foneta;
		};
		4C6628C6285097B500084711 /* PBXContainerItemProxy */ = {
			isa = PBXContainerItemProxy;
			containerPortal = 4C6628A3285097B400084711 /* Project object */;
			proxyType = 1;
			remoteGlobalIDString = 4C6628AA285097B400084711;
			remoteInfo = Foneta;
		};
/* End PBXContainerItemProxy section */

/* Begin PBXFileReference section */
		4C6628AB285097B400084711 /* Foneta.app */ = {isa = PBXFileReference; explicitFileType = wrapper.application; includeInIndex = 0; path = Foneta.app; sourceTree = BUILT_PRODUCTS_DIR; };
		4C6628AE285097B400084711 /* FonetaApp.swift */ = {isa = PBXFileReference; lastKnownFileType = sourcecode.swift; path = FonetaApp.swift; sourceTree = "<group>"; };
		4C6628B0285097B400084711 /* ContentView.swift */ = {isa = PBXFileReference; lastKnownFileType = sourcecode.swift; path = ContentView.swift; sourceTree = "<group>"; };
		4C6628B2285097B500084711 /* Assets.xcassets */ = {isa = PBXFileReference; lastKnownFileType = folder.assetcatalog; path = Assets.xcassets; sourceTree = "<group>"; };
		4C6628B5285097B500084711 /* Preview Assets.xcassets */ = {isa = PBXFileReference; lastKnownFileType = folder.assetcatalog; path = "Preview Assets.xcassets"; sourceTree = "<group>"; };
		4C6628BB285097B500084711 /* FonetaTests.xctest */ = {isa = PBXFileReference; explicitFileType = wrapper.cfbundle; includeInIndex = 0; path = FonetaTests.xctest; sourceTree = BUILT_PRODUCTS_DIR; };
		4C6628BF285097B500084711 /* FonetaTests.swift */ = {isa = PBXFileReference; lastKnownFileType = sourcecode.swift; path = FonetaTests.swift; sourceTree = "<group>"; };
		4C6628C5285097B500084711 /* FonetaUITests.xctest */ = {isa = PBXFileReference; explicitFileType = wrapper.cfbundle; includeInIndex = 0; path = FonetaUITests.xctest; sourceTree = BUILT_PRODUCTS_DIR; };
		4C6628C9285097B500084711 /* FonetaUITests.swift */ = {isa = PBXFileReference; lastKnownFileType = sourcecode.swift; path = FonetaUITests.swift; sourceTree = "<group>"; };
		4C6628CB285097B500084711 /* FonetaUITestsLaunchTests.swift */ = {isa = PBXFileReference; lastKnownFileType = sourcecode.swift; path = FonetaUITestsLaunchTests.swift; sourceTree = "<group>"; };
/* End PBXFileReference section */

/* Begin PBXFrameworksBuildPhase section */
		4C6628A8285097B400084711 /* Frameworks */ = {
			isa = PBXFrameworksBuildPhase;
			buildActionMask = 2147483647;
			files = (
			);
			runOnlyForDeploymentPostprocessing = 0;
		};
		4C6628B8285097B500084711 /* Frameworks */ = {
			isa = PBXFrameworksBuildPhase;
			buildActionMask = 2147483647;
			files = (
			);
			runOnlyForDeploymentPostprocessing = 0;
		};
		4C6628C2285097B500084711 /* Frameworks */ = {
			isa = PBXFrameworksBuildPhase;
			buildActionMask = 2147483647;
			files = (
			);
			runOnlyForDeploymentPostprocessing = 0;
		};
/* End PBXFrameworksBuildPhase section */

/* Begin PBXGroup section */
		4C6628A2285097B400084711 = {
			isa = PBXGroup;
			children = (
				4C6628AD285097B400084711 /* Foneta */,
				4C6628BE285097B500084711 /* FonetaTests */,
				4C6628C8285097B500084711 /* FonetaUITests */,
				4C6628AC285097B400084711 /* Products */,
			);
			sourceTree = "<group>";
		};
		4C6628AC285097B400084711 /* Products */ = {
			isa = PBXGroup;
			children = (
				4C6628AB285097B400084711 /* Foneta.app */,
				4C6628BB285097B500084711 /* FonetaTests.xctest */,
				4C6628C5285097B500084711 /* FonetaUITests.xctest */,
			);
			name = Products;
			sourceTree = "<group>";
		};
		4C6628AD285097B400084711 /* Foneta */ = {
			isa = PBXGroup;
			children = (
				4C6628AE285097B400084711 /* FonetaApp.swift */,
				4C6628B0285097B400084711 /* ContentView.swift */,
				4C6628B2285097B500084711 /* Assets.xcassets */,
				4C6628B4285097B500084711 /* Preview Content */,
			);
			path = Foneta;
			sourceTree = "<group>";
		};
		4C6628B4285097B500084711 /* Preview Content */ = {
			isa = PBXGroup;
			children = (
				4C6628B5285097B500084711 /* Preview Assets.xcassets */,
			);
			path = "Preview Content";
			sourceTree = "<group>";
		};
		4C6628BE285097B500084711 /* FonetaTests */ = {
			isa = PBXGroup;
			children = (
				4C6628BF285097B500084711 /* FonetaTests.swift */,
			);
			path = FonetaTests;
			sourceTree = "<group>";
		};
		4C6628C8285097B500084711 /* FonetaUITests */ = {
			isa = PBXGroup;
			children = (
				4C6628C9285097B500084711 /* FonetaUITests.swift */,
				4C6628CB285097B500084711 /* FonetaUITestsLaunchTests.swift */,
			);
			path = FonetaUITests;
			sourceTree = "<group>";
		};
/* End PBXGroup section */

/* Begin PBXNativeTarget section */
		4C6628AA285097B400084711 /* Foneta */ = {
			isa = PBXNativeTarget;
			buildConfigurationList = 4C6628CF285097B500084711 /* Build configuration list for PBXNativeTarget "Foneta" */;
			buildPhases = (
				4C6628A7285097B400084711 /* Sources */,
				4C6628A8285097B400084711 /* Frameworks */,
				4C6628A9285097B400084711 /* Resources */,
			);
			buildRules = (
			);
			dependencies = (
			);
			name = Foneta;
			productName = Foneta;
			productReference = 4C6628AB285097B400084711 /* Foneta.app */;
			productType = "com.apple.product-type.application";
		};
		4C6628BA285097B500084711 /* FonetaTests */ = {
			isa = PBXNativeTarget;
			buildConfigurationList = 4C6628D2285097B500084711 /* Build configuration list for PBXNativeTarget "FonetaTests" */;
			buildPhases = (
				4C6628B7285097B500084711 /* Sources */,
				4C6628B8285097B500084711 /* Frameworks */,
				4C6628B9285097B500084711 /* Resources */,
			);
			buildRules = (
			);
			dependencies = (
				4C6628BD285097B500084711 /* PBXTargetDependency */,
			);
			name = FonetaTests;
			productName = FonetaTests;
			productReference = 4C6628BB285097B500084711 /* FonetaTests.xctest */;
			productType = "com.apple.product-type.bundle.unit-test";
		};
		4C6628C4285097B500084711 /* FonetaUITests */ = {
			isa = PBXNativeTarget;
			buildConfigurationList = 4C6628D5285097B500084711 /* Build configuration list for PBXNativeTarget "FonetaUITests" */;
			buildPhases = (
				4C6628C1285097B500084711 /* Sources */,
				4C6628C2285097B500084711 /* Frameworks */,
				4C6628C3285097B500084711 /* Resources */,
			);
			buildRules = (
			);
			dependencies = (
				4C6628C7285097B500084711 /* PBXTargetDependency */,
			);
			name = FonetaUITests;
			productName = FonetaUITests;
			productReference = 4C6628C5285097B500084711 /* FonetaUITests.xctest */;
			productType = "com.apple.product-type.bundle.ui-testing";
		};
/* End PBXNativeTarget section */

/* Begin PBXProject section */
		4C6628A3285097B400084711 /* Project object */ = {
			isa = PBXProject;
			attributes = {
				BuildIndependentTargetsInParallel = 1;
				LastSwiftUpdateCheck = 1330;
				LastUpgradeCheck = 1330;
				TargetAttributes = {
					4C6628AA285097B400084711 = {
						CreatedOnToolsVersion = 13.3;
					};
					4C6628BA285097B500084711 = {
						CreatedOnToolsVersion = 13.3;
						TestTargetID = 4C6628AA285097B400084711;
					};
					4C6628C4285097B500084711 = {
						CreatedOnToolsVersion = 13.3;
						TestTargetID = 4C6628AA285097B400084711;
					};
				};
			};
			buildConfigurationList = 4C6628A6285097B400084711 /* Build configuration list for PBXProject "Foneta" */;
			compatibilityVersion = "Xcode 13.0";
			developmentRegion = en;
			hasScannedForEncodings = 0;
			knownRegions = (
				en,
				Base,
			);
			mainGroup = 4C6628A2285097B400084711;
			productRefGroup = 4C6628AC285097B400084711 /* Products */;
			projectDirPath = "";
			projectRoot = "";
			targets = (
				4C6628AA285097B400084711 /* Foneta */,
				4C6628BA285097B500084711 /* FonetaTests */,
				4C6628C4285097B500084711 /* FonetaUITests */,
			);
		};
/* End PBXProject section */

/* Begin PBXResourcesBuildPhase section */
		4C6628A9285097B400084711 /* Resources */ = {
			isa = PBXResourcesBuildPhase;
			buildActionMask = 2147483647;
			files = (
				4C6628B6285097B500084711 /* Preview Assets.xcassets in Resources */,
				4C6628B3285097B500084711 /* Assets.xcassets in Resources */,
			);
			runOnlyForDeploymentPostprocessing = 0;
		};
		4C6628B9285097B500084711 /* Resources */ = {
			isa = PBXResourcesBuildPhase;
			buildActionMask = 2147483647;
			files = (
			);
			runOnlyForDeploymentPostprocessing = 0;
		};
		4C6628C3285097B500084711 /* Resources */ = {
			isa = PBXResourcesBuildPhase;
			buildActionMask = 2147483647;
			files = (
			);
			runOnlyForDeploymentPostprocessing = 0;
		};
/* End PBXResourcesBuildPhase section */

/* Begin PBXSourcesBuildPhase section */
		4C6628A7285097B400084711 /* Sources */ = {
			isa = PBXSourcesBuildPhase;
			buildActionMask = 2147483647;
			files = (
				4C6628B1285097B400084711 /* ContentView.swift in Sources */,
				4C6628AF285097B400084711 /* FonetaApp.swift in Sources */,
			);
			runOnlyForDeploymentPostprocessing = 0;
		};
		4C6628B7285097B500084711 /* Sources */ = {
			isa = PBXSourcesBuildPhase;
			buildActionMask = 2147483647;
			files = (
				4C6628C0285097B500084711 /* FonetaTests.swift in Sources */,
			);
			runOnlyForDeploymentPostprocessing = 0;
		};
		4C6628C1285097B500084711 /* Sources */ = {
			isa = PBXSourcesBuildPhase;
			buildActionMask = 2147483647;
			files = (
				4C6628CA285097B500084711 /* FonetaUITests.swift in Sources */,
				4C6628CC285097B500084711 /* FonetaUITestsLaunchTests.swift in Sources */,
			);
			runOnlyForDeploymentPostprocessing = 0;
		};
/* End PBXSourcesBuildPhase section */

/* Begin PBXTargetDependency section */
		4C6628BD285097B500084711 /* PBXTargetDependency */ = {
			isa = PBXTargetDependency;
			target = 4C6628AA285097B400084711 /* Foneta */;
			targetProxy = 4C6628BC285097B500084711 /* PBXContainerItemProxy */;
		};
		4C6628C7285097B500084711 /* PBXTargetDependency */ = {
			isa = PBXTargetDependency;
			target = 4C6628AA285097B400084711 /* Foneta */;
			targetProxy = 4C6628C6285097B500084711 /* PBXContainerItemProxy */;
		};
/* End PBXTargetDependency section */

/* Begin XCBuildConfiguration section */
		4C6628CD285097B500084711 /* Debug */ = {
			isa = XCBuildConfiguration;
			buildSettings = {
				ALWAYS_SEARCH_USER_PATHS = NO;
				CLANG_ANALYZER_NONNULL = YES;
				CLANG_ANALYZER_NUMBER_OBJECT_CONVERSION = YES_AGGRESSIVE;
				CLANG_CXX_LANGUAGE_STANDARD = "gnu++17";
				CLANG_ENABLE_MODULES = YES;
				CLANG_ENABLE_OBJC_ARC = YES;
				CLANG_ENABLE_OBJC_WEAK = YES;
				CLANG_WARN_BLOCK_CAPTURE_AUTORELEASING = YES;
				CLANG_WARN_BOOL_CONVERSION = YES;
				CLANG_WARN_COMMA = YES;
				CLANG_WARN_CONSTANT_CONVERSION = YES;
				CLANG_WARN_DEPRECATED_OBJC_IMPLEMENTATIONS = YES;
				CLANG_WARN_DIRECT_OBJC_ISA_USAGE = YES_ERROR;
				CLANG_WARN_DOCUMENTATION_COMMENTS = YES;
				CLANG_WARN_EMPTY_BODY = YES;
				CLANG_WARN_ENUM_CONVERSION = YES;
				CLANG_WARN_INFINITE_RECURSION = YES;
				CLANG_WARN_INT_CONVERSION = YES;
				CLANG_WARN_NON_LITERAL_NULL_CONVERSION = YES;
				CLANG_WARN_OBJC_IMPLICIT_RETAIN_SELF = YES;
				CLANG_WARN_OBJC_LITERAL_CONVERSION = YES;
				CLANG_WARN_OBJC_ROOT_CLASS = YES_ERROR;
				CLANG_WARN_QUOTED_INCLUDE_IN_FRAMEWORK_HEADER = YES;
				CLANG_WARN_RANGE_LOOP_ANALYSIS = YES;
				CLANG_WARN_STRICT_PROTOTYPES = YES;
				CLANG_WARN_SUSPICIOUS_MOVE = YES;
				CLANG_WARN_UNGUARDED_AVAILABILITY = YES_AGGRESSIVE;
				CLANG_WARN_UNREACHABLE_CODE = YES;
				CLANG_WARN__DUPLICATE_METHOD_MATCH = YES;
				COPY_PHASE_STRIP = NO;
				DEBUG_INFORMATION_FORMAT = dwarf;
				ENABLE_STRICT_OBJC_MSGSEND = YES;
				ENABLE_TESTABILITY = YES;
				GCC_C_LANGUAGE_STANDARD = gnu11;
				GCC_DYNAMIC_NO_PIC = NO;
				GCC_NO_COMMON_BLOCKS = YES;
				GCC_OPTIMIZATION_LEVEL = 0;
				GCC_PREPROCESSOR_DEFINITIONS = (
					"DEBUG=1",
					"$(inherited)",
				);
				GCC_WARN_64_TO_32_BIT_CONVERSION = YES;
				GCC_WARN_ABOUT_RETURN_TYPE = YES_ERROR;
				GCC_WARN_UNDECLARED_SELECTOR = YES;
				GCC_WARN_UNINITIALIZED_AUTOS = YES_AGGRESSIVE;
				GCC_WARN_UNUSED_FUNCTION = YES;
				GCC_WARN_UNUSED_VARIABLE = YES;
				IPHONEOS_DEPLOYMENT_TARGET = 15.4;
				MTL_ENABLE_DEBUG_INFO = INCLUDE_SOURCE;
				MTL_FAST_MATH = YES;
				ONLY_ACTIVE_ARCH = YES;
				SDKROOT = iphoneos;
				SWIFT_ACTIVE_COMPILATION_CONDITIONS = DEBUG;
				SWIFT_OPTIMIZATION_LEVEL = "-Onone";
			};
			name = Debug;
		};
		4C6628CE285097B500084711 /* Release */ = {
			isa = XCBuildConfiguration;
			buildSettings = {
				ALWAYS_SEARCH_USER_PATHS = NO;
				CLANG_ANALYZER_NONNULL = YES;
				CLANG_ANALYZER_NUMBER_OBJECT_CONVERSION = YES_AGGRESSIVE;
				CLANG_CXX_LANGUAGE_STANDARD = "gnu++17";
				CLANG_ENABLE_MODULES = YES;
				CLANG_ENABLE_OBJC_ARC = YES;
				CLANG_ENABLE_OBJC_WEAK = YES;
				CLANG_WARN_BLOCK_CAPTURE_AUTORELEASING = YES;
				CLANG_WARN_BOOL_CONVERSION = YES;
				CLANG_WARN_COMMA = YES;
				CLANG_WARN_CONSTANT_CONVERSION = YES;
				CLANG_WARN_DEPRECATED_OBJC_IMPLEMENTATIONS = YES;
				CLANG_WARN_DIRECT_OBJC_ISA_USAGE = YES_ERROR;
				CLANG_WARN_DOCUMENTATION_COMMENTS = YES;
				CLANG_WARN_EMPTY_BODY = YES;
				CLANG_WARN_ENUM_CONVERSION = YES;
				CLANG_WARN_INFINITE_RECURSION = YES;
				CLANG_WARN_INT_CONVERSION = YES;
				CLANG_WARN_NON_LITERAL_NULL_CONVERSION = YES;
				CLANG_WARN_OBJC_IMPLICIT_RETAIN_SELF = YES;
				CLANG_WARN_OBJC_LITERAL_CONVERSION = YES;
				CLANG_WARN_OBJC_ROOT_CLASS = YES_ERROR;
				CLANG_WARN_QUOTED_INCLUDE_IN_FRAMEWORK_HEADER = YES;
				CLANG_WARN_RANGE_LOOP_ANALYSIS = YES;
				CLANG_WARN_STRICT_PROTOTYPES = YES;
				CLANG_WARN_SUSPICIOUS_MOVE = YES;
				CLANG_WARN_UNGUARDED_AVAILABILITY = YES_AGGRESSIVE;
				CLANG_WARN_UNREACHABLE_CODE = YES;
				CLANG_WARN__DUPLICATE_METHOD_MATCH = YES;
				COPY_PHASE_STRIP = NO;
				DEBUG_INFORMATION_FORMAT = "dwarf-with-dsym";
				ENABLE_NS_ASSERTIONS = NO;
				ENABLE_STRICT_OBJC_MSGSEND = YES;
				GCC_C_LANGUAGE_STANDARD = gnu11;
				GCC_NO_COMMON_BLOCKS = YES;
				GCC_WARN_64_TO_32_BIT_CONVERSION = YES;
				GCC_WARN_ABOUT_RETURN_TYPE = YES_ERROR;
				GCC_WARN_UNDECLARED_SELECTOR = YES;
				GCC_WARN_UNINITIALIZED_AUTOS = YES_AGGRESSIVE;
				GCC_WARN_UNUSED_FUNCTION = YES;
				GCC_WARN_UNUSED_VARIABLE = YES;
				IPHONEOS_DEPLOYMENT_TARGET = 15.4;
				MTL_ENABLE_DEBUG_INFO = NO;
				MTL_FAST_MATH = YES;
				SDKROOT = iphoneos;
				SWIFT_COMPILATION_MODE = wholemodule;
				SWIFT_OPTIMIZATION_LEVEL = "-O";
				VALIDATE_PRODUCT = YES;
			};
			name = Release;
		};
		4C6628D0285097B500084711 /* Debug */ = {
			isa = XCBuildConfiguration;
			buildSettings = {
				ASSETCATALOG_COMPILER_APPICON_NAME = AppIcon;
				ASSETCATALOG_COMPILER_GLOBAL_ACCENT_COLOR_NAME = AccentColor;
				CODE_SIGN_STYLE = Automatic;
				CURRENT_PROJECT_VERSION = 1;
				DEVELOPMENT_ASSET_PATHS = "\"Foneta/Preview Content\"";
				DEVELOPMENT_TEAM = GXV96JYG87;
				ENABLE_PREVIEWS = YES;
				GENERATE_INFOPLIST_FILE = YES;
				INFOPLIST_KEY_UIApplicationSceneManifest_Generation = YES;
				INFOPLIST_KEY_UIApplicationSupportsIndirectInputEvents = YES;
				INFOPLIST_KEY_UILaunchScreen_Generation = YES;
				INFOPLIST_KEY_UISupportedInterfaceOrientations_iPad = "UIInterfaceOrientationPortrait UIInterfaceOrientationPortraitUpsideDown UIInterfaceOrientationLandscapeLeft UIInterfaceOrientationLandscapeRight";
				INFOPLIST_KEY_UISupportedInterfaceOrientations_iPhone = "UIInterfaceOrientationPortrait UIInterfaceOrientationLandscapeLeft UIInterfaceOrientationLandscapeRight";
				LD_RUNPATH_SEARCH_PATHS = (
					"$(inherited)",
					"@executable_path/Frameworks",
				);
				MARKETING_VERSION = 1.0;
				PRODUCT_BUNDLE_IDENTIFIER = com.team16.foneta.Foneta;
				PRODUCT_NAME = "$(TARGET_NAME)";
				SWIFT_EMIT_LOC_STRINGS = YES;
				SWIFT_VERSION = 5.0;
				TARGETED_DEVICE_FAMILY = "1,2";
			};
			name = Debug;
		};
		4C6628D1285097B500084711 /* Release */ = {
			isa = XCBuildConfiguration;
			buildSettings = {
				ASSETCATALOG_COMPILER_APPICON_NAME = AppIcon;
				ASSETCATALOG_COMPILER_GLOBAL_ACCENT_COLOR_NAME = AccentColor;
				CODE_SIGN_STYLE = Automatic;
				CURRENT_PROJECT_VERSION = 1;
				DEVELOPMENT_ASSET_PATHS = "\"Foneta/Preview Content\"";
				DEVELOPMENT_TEAM = GXV96JYG87;
				ENABLE_PREVIEWS = YES;
				GENERATE_INFOPLIST_FILE = YES;
				INFOPLIST_KEY_UIApplicationSceneManifest_Generation = YES;
				INFOPLIST_KEY_UIApplicationSupportsIndirectInputEvents = YES;
				INFOPLIST_KEY_UILaunchScreen_Generation = YES;
				INFOPLIST_KEY_UISupportedInterfaceOrientations_iPad = "UIInterfaceOrientationPortrait UIInterfaceOrientationPortraitUpsideDown UIInterfaceOrientationLandscapeLeft UIInterfaceOrientationLandscapeRight";
				INFOPLIST_KEY_UISupportedInterfaceOrientations_iPhone = "UIInterfaceOrientationPortrait UIInterfaceOrientationLandscapeLeft UIInterfaceOrientationLandscapeRight";
				LD_RUNPATH_SEARCH_PATHS = (
					"$(inherited)",
					"@executable_path/Frameworks",
				);
				MARKETING_VERSION = 1.0;
				PRODUCT_BUNDLE_IDENTIFIER = com.team16.foneta.Foneta;
				PRODUCT_NAME = "$(TARGET_NAME)";
				SWIFT_EMIT_LOC_STRINGS = YES;
				SWIFT_VERSION = 5.0;
				TARGETED_DEVICE_FAMILY = "1,2";
			};
			name = Release;
		};
		4C6628D3285097B500084711 /* Debug */ = {
			isa = XCBuildConfiguration;
			buildSettings = {
				ALWAYS_EMBED_SWIFT_STANDARD_LIBRARIES = YES;
				BUNDLE_LOADER = "$(TEST_HOST)";
				CODE_SIGN_STYLE = Automatic;
				CURRENT_PROJECT_VERSION = 1;
				DEVELOPMENT_TEAM = GXV96JYG87;
				GENERATE_INFOPLIST_FILE = YES;
				IPHONEOS_DEPLOYMENT_TARGET = 15.4;
				MARKETING_VERSION = 1.0;
				PRODUCT_BUNDLE_IDENTIFIER = com.team16.foneta.FonetaTests;
				PRODUCT_NAME = "$(TARGET_NAME)";
				SWIFT_EMIT_LOC_STRINGS = NO;
				SWIFT_VERSION = 5.0;
				TARGETED_DEVICE_FAMILY = "1,2";
				TEST_HOST = "$(BUILT_PRODUCTS_DIR)/Foneta.app/Foneta";
			};
			name = Debug;
		};
		4C6628D4285097B500084711 /* Release */ = {
			isa = XCBuildConfiguration;
			buildSettings = {
				ALWAYS_EMBED_SWIFT_STANDARD_LIBRARIES = YES;
				BUNDLE_LOADER = "$(TEST_HOST)";
				CODE_SIGN_STYLE = Automatic;
				CURRENT_PROJECT_VERSION = 1;
				DEVELOPMENT_TEAM = GXV96JYG87;
				GENERATE_INFOPLIST_FILE = YES;
				IPHONEOS_DEPLOYMENT_TARGET = 15.4;
				MARKETING_VERSION = 1.0;
				PRODUCT_BUNDLE_IDENTIFIER = com.team16.foneta.FonetaTests;
				PRODUCT_NAME = "$(TARGET_NAME)";
				SWIFT_EMIT_LOC_STRINGS = NO;
				SWIFT_VERSION = 5.0;
				TARGETED_DEVICE_FAMILY = "1,2";
				TEST_HOST = "$(BUILT_PRODUCTS_DIR)/Foneta.app/Foneta";
			};
			name = Release;
		};
		4C6628D6285097B500084711 /* Debug */ = {
			isa = XCBuildConfiguration;
			buildSettings = {
				ALWAYS_EMBED_SWIFT_STANDARD_LIBRARIES = YES;
				CODE_SIGN_STYLE = Automatic;
				CURRENT_PROJECT_VERSION = 1;
				DEVELOPMENT_TEAM = GXV96JYG87;
				GENERATE_INFOPLIST_FILE = YES;
				MARKETING_VERSION = 1.0;
				PRODUCT_BUNDLE_IDENTIFIER = com.team16.foneta.FonetaUITests;
				PRODUCT_NAME = "$(TARGET_NAME)";
				SWIFT_EMIT_LOC_STRINGS = NO;
				SWIFT_VERSION = 5.0;
				TARGETED_DEVICE_FAMILY = "1,2";
				TEST_TARGET_NAME = Foneta;
			};
			name = Debug;
		};
		4C6628D7285097B500084711 /* Release */ = {
			isa = XCBuildConfiguration;
			buildSettings = {
				ALWAYS_EMBED_SWIFT_STANDARD_LIBRARIES = YES;
				CODE_SIGN_STYLE = Automatic;
				CURRENT_PROJECT_VERSION = 1;
				DEVELOPMENT_TEAM = GXV96JYG87;
				GENERATE_INFOPLIST_FILE = YES;
				MARKETING_VERSION = 1.0;
				PRODUCT_BUNDLE_IDENTIFIER = com.team16.foneta.FonetaUITests;
				PRODUCT_NAME = "$(TARGET_NAME)";
				SWIFT_EMIT_LOC_STRINGS = NO;
				SWIFT_VERSION = 5.0;
				TARGETED_DEVICE_FAMILY = "1,2";
				TEST_TARGET_NAME = Foneta;
			};
			name = Release;
		};
/* End XCBuildConfiguration section */

/* Begin XCConfigurationList section */
		4C6628A6285097B400084711 /* Build configuration list for PBXProject "Foneta" */ = {
			isa = XCConfigurationList;
			buildConfigurations = (
				4C6628CD285097B500084711 /* Debug */,
				4C6628CE285097B500084711 /* Release */,
			);
			defaultConfigurationIsVisible = 0;
			defaultConfigurationName = Release;
		};
		4C6628CF285097B500084711 /* Build configuration list for PBXNativeTarget "Foneta" */ = {
			isa = XCConfigurationList;
			buildConfigurations = (
				4C6628D0285097B500084711 /* Debug */,
				4C6628D1285097B500084711 /* Release */,
			);
			defaultConfigurationIsVisible = 0;
			defaultConfigurationName = Release;
		};
		4C6628D2285097B500084711 /* Build configuration list for PBXNativeTarget "FonetaTests" */ = {
			isa = XCConfigurationList;
			buildConfigurations = (
				4C6628D3285097B500084711 /* Debug */,
				4C6628D4285097B500084711 /* Release */,
			);
			defaultConfigurationIsVisible = 0;
			defaultConfigurationName = Release;
		};
		4C6628D5285097B500084711 /* Build configuration list for PBXNativeTarget "FonetaUITests" */ = {
			isa = XCConfigurationList;
			buildConfigurations = (
				4C6628D6285097B500084711 /* Debug */,
				4C6628D7285097B500084711 /* Release */,
			);
			defaultConfigurationIsVisible = 0;
			defaultConfigurationName = Release;
		};
/* End XCConfigurationList section */
	};
	rootObject = 4C6628A3285097B400084711 /* Project object */;
}
